// !$*UTF8*$!
{
	archiveVersion = 1;
	classes = {
	};
	objectVersion = 54;
	objects = {

/* Begin PBXBuildFile section */
		AB13ECD626B7AEA3002F56FF /* ColorChoicesConcept.storyboard in Resources */ = {isa = PBXBuildFile; fileRef = AB13ECD526B7AEA3002F56FF /* ColorChoicesConcept.storyboard */; };
		AB13ECD826B7AF27002F56FF /* ColorChoicesTile.storyboard in Resources */ = {isa = PBXBuildFile; fileRef = AB13ECD726B7AF27002F56FF /* ColorChoicesTile.storyboard */; };
		AB13ECDA26B7AF6F002F56FF /* ColorChoicesSlider.storyboard in Resources */ = {isa = PBXBuildFile; fileRef = AB13ECD926B7AF6F002F56FF /* ColorChoicesSlider.storyboard */; };
		AB2B5B8326A2D0FD009BD3C7 /* UICollectionViewCell+Extension.swift in Sources */ = {isa = PBXBuildFile; fileRef = AB2B5B7E26A2D0FD009BD3C7 /* UICollectionViewCell+Extension.swift */; };
		AB2B5B8426A2D0FD009BD3C7 /* NotificationName+Extension.swift in Sources */ = {isa = PBXBuildFile; fileRef = AB2B5B7F26A2D0FD009BD3C7 /* NotificationName+Extension.swift */; };
		AB2B5B8526A2D0FD009BD3C7 /* UIColor+Extension.swift in Sources */ = {isa = PBXBuildFile; fileRef = AB2B5B8026A2D0FD009BD3C7 /* UIColor+Extension.swift */; };
		AB2B5B8626A2D0FD009BD3C7 /* NSObjectProtocol+Extension.swift in Sources */ = {isa = PBXBuildFile; fileRef = AB2B5B8126A2D0FD009BD3C7 /* NSObjectProtocol+Extension.swift */; };
		AB2B5B8726A2D0FD009BD3C7 /* UICollectionView+Extension.swift in Sources */ = {isa = PBXBuildFile; fileRef = AB2B5B8226A2D0FD009BD3C7 /* UICollectionView+Extension.swift */; };
		AB2B5B8C26A2D106009BD3C7 /* UITableViewHeaderFooterView+Extension.swift in Sources */ = {isa = PBXBuildFile; fileRef = AB2B5B8826A2D106009BD3C7 /* UITableViewHeaderFooterView+Extension.swift */; };
		AB2B5B8D26A2D106009BD3C7 /* UITableView+Extension.swift in Sources */ = {isa = PBXBuildFile; fileRef = AB2B5B8926A2D106009BD3C7 /* UITableView+Extension.swift */; };
		AB2B5B8E26A2D106009BD3C7 /* UITableViewCell+Extension.swift in Sources */ = {isa = PBXBuildFile; fileRef = AB2B5B8A26A2D106009BD3C7 /* UITableViewCell+Extension.swift */; };
		AB2B5B9526A2D19E009BD3C7 /* ColorConcept.swift in Sources */ = {isa = PBXBuildFile; fileRef = AB2B5B9226A2D19E009BD3C7 /* ColorConcept.swift */; };
		AB2B5B9626A2D19E009BD3C7 /* ThemeColor.swift in Sources */ = {isa = PBXBuildFile; fileRef = AB2B5B9326A2D19E009BD3C7 /* ThemeColor.swift */; };
		AB2B5B9E26A2D1B7009BD3C7 /* NaturalConcept.swift in Sources */ = {isa = PBXBuildFile; fileRef = AB2B5B9826A2D1B7009BD3C7 /* NaturalConcept.swift */; };
		AB2B5B9F26A2D1B7009BD3C7 /* OverseasConcept.swift in Sources */ = {isa = PBXBuildFile; fileRef = AB2B5B9A26A2D1B7009BD3C7 /* OverseasConcept.swift */; };
		AB2B5BA026A2D1B7009BD3C7 /* ServiceConcept.swift in Sources */ = {isa = PBXBuildFile; fileRef = AB2B5B9726A2D1B7009BD3C7 /* ServiceConcept.swift */; };
		AB2B5BA126A2D1B7009BD3C7 /* SeasonConcept.swift in Sources */ = {isa = PBXBuildFile; fileRef = AB2B5B9926A2D1B7009BD3C7 /* SeasonConcept.swift */; };
		AB2B5BA226A2D1B7009BD3C7 /* ElegantConcept.swift in Sources */ = {isa = PBXBuildFile; fileRef = AB2B5B9B26A2D1B7009BD3C7 /* ElegantConcept.swift */; };
		AB2B5BA326A2D1B7009BD3C7 /* JapanConcept.swift in Sources */ = {isa = PBXBuildFile; fileRef = AB2B5B9C26A2D1B7009BD3C7 /* JapanConcept.swift */; };
		AB2B5BA426A2D1B7009BD3C7 /* PopConcept.swift in Sources */ = {isa = PBXBuildFile; fileRef = AB2B5B9D26A2D1B7009BD3C7 /* PopConcept.swift */; };
		AB2B5BAA26A2D244009BD3C7 /* Setting.storyboard in Resources */ = {isa = PBXBuildFile; fileRef = AB2B5BA726A2D244009BD3C7 /* Setting.storyboard */; };
		AB2B5BAB26A2D244009BD3C7 /* ColorConcept.storyboard in Resources */ = {isa = PBXBuildFile; fileRef = AB2B5BA826A2D244009BD3C7 /* ColorConcept.storyboard */; };
		AB2B5BAC26A2D244009BD3C7 /* ThemeColor.storyboard in Resources */ = {isa = PBXBuildFile; fileRef = AB2B5BA926A2D244009BD3C7 /* ThemeColor.storyboard */; };
		AB2B5BB626A2D2C2009BD3C7 /* SectionHeaderView.xib in Resources */ = {isa = PBXBuildFile; fileRef = AB2B5BAE26A2D2C1009BD3C7 /* SectionHeaderView.xib */; };
		AB2B5BB726A2D2C2009BD3C7 /* ColorConceptTableViewCell.swift in Sources */ = {isa = PBXBuildFile; fileRef = AB2B5BAF26A2D2C1009BD3C7 /* ColorConceptTableViewCell.swift */; };
		AB2B5BB826A2D2C2009BD3C7 /* AccordionColorTableViewCell.xib in Resources */ = {isa = PBXBuildFile; fileRef = AB2B5BB026A2D2C1009BD3C7 /* AccordionColorTableViewCell.xib */; };
		AB2B5BB926A2D2C2009BD3C7 /* AccordionColorTableViewCell.swift in Sources */ = {isa = PBXBuildFile; fileRef = AB2B5BB126A2D2C2009BD3C7 /* AccordionColorTableViewCell.swift */; };
		AB2B5BBA26A2D2C2009BD3C7 /* SectionHeaderView.swift in Sources */ = {isa = PBXBuildFile; fileRef = AB2B5BB226A2D2C2009BD3C7 /* SectionHeaderView.swift */; };
		AB2B5BBB26A2D2C2009BD3C7 /* ColorConceptTableViewCell.xib in Resources */ = {isa = PBXBuildFile; fileRef = AB2B5BB326A2D2C2009BD3C7 /* ColorConceptTableViewCell.xib */; };
		AB2B5BBC26A2D2C2009BD3C7 /* AccordionTableViewCell.swift in Sources */ = {isa = PBXBuildFile; fileRef = AB2B5BB426A2D2C2009BD3C7 /* AccordionTableViewCell.swift */; };
		AB2B5BBD26A2D2C2009BD3C7 /* AccordionTableViewCell.xib in Resources */ = {isa = PBXBuildFile; fileRef = AB2B5BB526A2D2C2009BD3C7 /* AccordionTableViewCell.xib */; };
		AB2B5BC526A2D36F009BD3C7 /* ColorChoicesTileViewController.swift in Sources */ = {isa = PBXBuildFile; fileRef = AB2B5BBF26A2D36F009BD3C7 /* ColorChoicesTileViewController.swift */; };
		AB2B5BC626A2D36F009BD3C7 /* ColorChoicesSliderViewController.swift in Sources */ = {isa = PBXBuildFile; fileRef = AB2B5BC026A2D36F009BD3C7 /* ColorChoicesSliderViewController.swift */; };
		AB2B5BC726A2D36F009BD3C7 /* ColorChoicesConceptViewController.swift in Sources */ = {isa = PBXBuildFile; fileRef = AB2B5BC126A2D36F009BD3C7 /* ColorChoicesConceptViewController.swift */; };
		AB2B5BC826A2D36F009BD3C7 /* ColorConceptViewController.swift in Sources */ = {isa = PBXBuildFile; fileRef = AB2B5BC226A2D36F009BD3C7 /* ColorConceptViewController.swift */; };
		AB2B5BC926A2D36F009BD3C7 /* SettingViewController.swift in Sources */ = {isa = PBXBuildFile; fileRef = AB2B5BC326A2D36F009BD3C7 /* SettingViewController.swift */; };
		AB2B5BCA26A2D36F009BD3C7 /* ThemeColorViewController.swift in Sources */ = {isa = PBXBuildFile; fileRef = AB2B5BC426A2D36F009BD3C7 /* ThemeColorViewController.swift */; };
		AB2B5BCD26A2DC1E009BD3C7 /* Top.storyboard in Resources */ = {isa = PBXBuildFile; fileRef = AB2B5BCC26A2DC1E009BD3C7 /* Top.storyboard */; };
		AB4D6BBE2672099C00E5286E /* UIButton+Extension.swift in Sources */ = {isa = PBXBuildFile; fileRef = AB4D6BBD2672099C00E5286E /* UIButton+Extension.swift */; };
		AB93C23B266A234800C3AE8F /* AppDelegate.swift in Sources */ = {isa = PBXBuildFile; fileRef = AB93C23A266A234800C3AE8F /* AppDelegate.swift */; };
		AB93C23D266A234800C3AE8F /* SceneDelegate.swift in Sources */ = {isa = PBXBuildFile; fileRef = AB93C23C266A234800C3AE8F /* SceneDelegate.swift */; };
		AB93C244266A234C00C3AE8F /* Assets.xcassets in Resources */ = {isa = PBXBuildFile; fileRef = AB93C243266A234C00C3AE8F /* Assets.xcassets */; };
		AB93C247266A234C00C3AE8F /* LaunchScreen.storyboard in Resources */ = {isa = PBXBuildFile; fileRef = AB93C245266A234C00C3AE8F /* LaunchScreen.storyboard */; };
		AB93C24F266A271E00C3AE8F /* StudyRecordViewController.swift in Sources */ = {isa = PBXBuildFile; fileRef = AB93C24E266A271E00C3AE8F /* StudyRecordViewController.swift */; };
		AB93C251266A27B900C3AE8F /* StudyRecord.storyboard in Resources */ = {isa = PBXBuildFile; fileRef = AB93C250266A27B900C3AE8F /* StudyRecord.storyboard */; };
		AB93C258266A5A0900C3AE8F /* StudyRecordTableViewCell.swift in Sources */ = {isa = PBXBuildFile; fileRef = AB93C256266A5A0900C3AE8F /* StudyRecordTableViewCell.swift */; };
		AB93C259266A5A0900C3AE8F /* StudyRecordTableViewCell.xib in Resources */ = {isa = PBXBuildFile; fileRef = AB93C257266A5A0900C3AE8F /* StudyRecordTableViewCell.xib */; };
		AB93C266266A7DEB00C3AE8F /* AdditionalStudyRecord.storyboard in Resources */ = {isa = PBXBuildFile; fileRef = AB93C265266A7DEB00C3AE8F /* AdditionalStudyRecord.storyboard */; };
		AB93C268266A7DFF00C3AE8F /* AdditionalStudyRecordViewController.swift in Sources */ = {isa = PBXBuildFile; fileRef = AB93C267266A7DFF00C3AE8F /* AdditionalStudyRecordViewController.swift */; };
		AB93C2BD266BABA900C3AE8F /* Record.swift in Sources */ = {isa = PBXBuildFile; fileRef = AB93C2BC266BABA900C3AE8F /* Record.swift */; };
		AB93C2BF266BACE100C3AE8F /* StudyRecordSectionView.swift in Sources */ = {isa = PBXBuildFile; fileRef = AB93C2BE266BACE100C3AE8F /* StudyRecordSectionView.swift */; };
		AB93C2C1266BAD1100C3AE8F /* StudyRecordSectionView.xib in Resources */ = {isa = PBXBuildFile; fileRef = AB93C2C0266BAD1100C3AE8F /* StudyRecordSectionView.xib */; };
		AB93C2C3266BC28E00C3AE8F /* EditStudyRecordViewController.swift in Sources */ = {isa = PBXBuildFile; fileRef = AB93C2C2266BC28E00C3AE8F /* EditStudyRecordViewController.swift */; };
		AB93C2C5266BC2D600C3AE8F /* EditStudyRecord.storyboard in Resources */ = {isa = PBXBuildFile; fileRef = AB93C2C4266BC2D600C3AE8F /* EditStudyRecord.storyboard */; };
		AB93C2CA266C846400C3AE8F /* UIView+Extension.swift in Sources */ = {isa = PBXBuildFile; fileRef = AB93C2C9266C846400C3AE8F /* UIView+Extension.swift */; };
		AB93C33C2670FC2C00C3AE8F /* CurrentTimeViewController.swift in Sources */ = {isa = PBXBuildFile; fileRef = AB93C33B2670FC2C00C3AE8F /* CurrentTimeViewController.swift */; };
		AB93C33E2670FC4E00C3AE8F /* AlarmViewController.swift in Sources */ = {isa = PBXBuildFile; fileRef = AB93C33D2670FC4D00C3AE8F /* AlarmViewController.swift */; };
		AB93C3402670FC6400C3AE8F /* StopwatchViewController.swift in Sources */ = {isa = PBXBuildFile; fileRef = AB93C33F2670FC6400C3AE8F /* StopwatchViewController.swift */; };
		AB93C3422670FC6C00C3AE8F /* TimerViewController.swift in Sources */ = {isa = PBXBuildFile; fileRef = AB93C3412670FC6C00C3AE8F /* TimerViewController.swift */; };
		AB93C34D26711A1000C3AE8F /* TimeManager.swift in Sources */ = {isa = PBXBuildFile; fileRef = AB93C34C26711A1000C3AE8F /* TimeManager.swift */; };
		ABA056F226B4C67800E3DF01 /* StudyRecordTitleTableViewCell.swift in Sources */ = {isa = PBXBuildFile; fileRef = ABA056F026B4C67800E3DF01 /* StudyRecordTitleTableViewCell.swift */; };
		ABA056F326B4C67800E3DF01 /* StudyRecordTitleTableViewCell.xib in Resources */ = {isa = PBXBuildFile; fileRef = ABA056F126B4C67800E3DF01 /* StudyRecordTitleTableViewCell.xib */; };
		ABA056F626B4C7D800E3DF01 /* StudyRecordGraphColorTableViewCell.swift in Sources */ = {isa = PBXBuildFile; fileRef = ABA056F426B4C7D800E3DF01 /* StudyRecordGraphColorTableViewCell.swift */; };
		ABA056F726B4C7D800E3DF01 /* StudyRecordGraphColorTableViewCell.xib in Resources */ = {isa = PBXBuildFile; fileRef = ABA056F526B4C7D800E3DF01 /* StudyRecordGraphColorTableViewCell.xib */; };
		ABA056FA26B5025C00E3DF01 /* StudyRecordMemoTableViewCell.swift in Sources */ = {isa = PBXBuildFile; fileRef = ABA056F826B5025C00E3DF01 /* StudyRecordMemoTableViewCell.swift */; };
		ABA056FB26B5025C00E3DF01 /* StudyRecordMemoTableViewCell.xib in Resources */ = {isa = PBXBuildFile; fileRef = ABA056F926B5025C00E3DF01 /* StudyRecordMemoTableViewCell.xib */; };
		ABA056FD26B5083F00E3DF01 /* UIAlertController+Extension.swift in Sources */ = {isa = PBXBuildFile; fileRef = ABA056FC26B5083F00E3DF01 /* UIAlertController+Extension.swift */; };
		ABA056FF26B50CC700E3DF01 /* GraphColorTileView.xib in Resources */ = {isa = PBXBuildFile; fileRef = ABA056FE26B50CC700E3DF01 /* GraphColorTileView.xib */; };
		ABA0570126B50D1900E3DF01 /* GraphColorTileView.swift in Sources */ = {isa = PBXBuildFile; fileRef = ABA0570026B50D1900E3DF01 /* GraphColorTileView.swift */; };
		ABA0570326B50F7100E3DF01 /* StudyRecordGraphColor.storyboard in Resources */ = {isa = PBXBuildFile; fileRef = ABA0570226B50F7100E3DF01 /* StudyRecordGraphColor.storyboard */; };
		ABA0570526B50F8100E3DF01 /* StudyRecordGraphColorViewController.swift in Sources */ = {isa = PBXBuildFile; fileRef = ABA0570426B50F8100E3DF01 /* StudyRecordGraphColorViewController.swift */; };
		ABAFB57026735A670095415F /* TimeContainerViewController.swift in Sources */ = {isa = PBXBuildFile; fileRef = ABAFB56F26735A670095415F /* TimeContainerViewController.swift */; };
		ABAFB57226735E120095415F /* CurrentTime.storyboard in Resources */ = {isa = PBXBuildFile; fileRef = ABAFB57126735E120095415F /* CurrentTime.storyboard */; };
		ABAFB57426737EDB0095415F /* TimeContainer.storyboard in Resources */ = {isa = PBXBuildFile; fileRef = ABAFB57326737EDB0095415F /* TimeContainer.storyboard */; };
		ABAFB6282674D4FC0095415F /* AlarmTableViewCell.swift in Sources */ = {isa = PBXBuildFile; fileRef = ABAFB6262674D4FC0095415F /* AlarmTableViewCell.swift */; };
		ABAFB6292674D4FC0095415F /* AlarmTableViewCell.xib in Resources */ = {isa = PBXBuildFile; fileRef = ABAFB6272674D4FC0095415F /* AlarmTableViewCell.xib */; };
		ABAFB62D2674D7750095415F /* Alarm.swift in Sources */ = {isa = PBXBuildFile; fileRef = ABAFB62C2674D7750095415F /* Alarm.swift */; };
/* End PBXBuildFile section */

/* Begin PBXFileReference section */
		AB13ECD526B7AEA3002F56FF /* ColorChoicesConcept.storyboard */ = {isa = PBXFileReference; lastKnownFileType = file.storyboard; path = ColorChoicesConcept.storyboard; sourceTree = "<group>"; };
		AB13ECD726B7AF27002F56FF /* ColorChoicesTile.storyboard */ = {isa = PBXFileReference; lastKnownFileType = file.storyboard; path = ColorChoicesTile.storyboard; sourceTree = "<group>"; };
		AB13ECD926B7AF6F002F56FF /* ColorChoicesSlider.storyboard */ = {isa = PBXFileReference; lastKnownFileType = file.storyboard; path = ColorChoicesSlider.storyboard; sourceTree = "<group>"; };
		AB2B5B7E26A2D0FD009BD3C7 /* UICollectionViewCell+Extension.swift */ = {isa = PBXFileReference; fileEncoding = 4; lastKnownFileType = sourcecode.swift; path = "UICollectionViewCell+Extension.swift"; sourceTree = "<group>"; };
		AB2B5B7F26A2D0FD009BD3C7 /* NotificationName+Extension.swift */ = {isa = PBXFileReference; fileEncoding = 4; lastKnownFileType = sourcecode.swift; path = "NotificationName+Extension.swift"; sourceTree = "<group>"; };
		AB2B5B8026A2D0FD009BD3C7 /* UIColor+Extension.swift */ = {isa = PBXFileReference; fileEncoding = 4; lastKnownFileType = sourcecode.swift; path = "UIColor+Extension.swift"; sourceTree = "<group>"; };
		AB2B5B8126A2D0FD009BD3C7 /* NSObjectProtocol+Extension.swift */ = {isa = PBXFileReference; fileEncoding = 4; lastKnownFileType = sourcecode.swift; path = "NSObjectProtocol+Extension.swift"; sourceTree = "<group>"; };
		AB2B5B8226A2D0FD009BD3C7 /* UICollectionView+Extension.swift */ = {isa = PBXFileReference; fileEncoding = 4; lastKnownFileType = sourcecode.swift; path = "UICollectionView+Extension.swift"; sourceTree = "<group>"; };
		AB2B5B8826A2D106009BD3C7 /* UITableViewHeaderFooterView+Extension.swift */ = {isa = PBXFileReference; fileEncoding = 4; lastKnownFileType = sourcecode.swift; path = "UITableViewHeaderFooterView+Extension.swift"; sourceTree = "<group>"; };
		AB2B5B8926A2D106009BD3C7 /* UITableView+Extension.swift */ = {isa = PBXFileReference; fileEncoding = 4; lastKnownFileType = sourcecode.swift; path = "UITableView+Extension.swift"; sourceTree = "<group>"; };
		AB2B5B8A26A2D106009BD3C7 /* UITableViewCell+Extension.swift */ = {isa = PBXFileReference; fileEncoding = 4; lastKnownFileType = sourcecode.swift; path = "UITableViewCell+Extension.swift"; sourceTree = "<group>"; };
		AB2B5B9226A2D19E009BD3C7 /* ColorConcept.swift */ = {isa = PBXFileReference; fileEncoding = 4; lastKnownFileType = sourcecode.swift; path = ColorConcept.swift; sourceTree = "<group>"; };
		AB2B5B9326A2D19E009BD3C7 /* ThemeColor.swift */ = {isa = PBXFileReference; fileEncoding = 4; lastKnownFileType = sourcecode.swift; path = ThemeColor.swift; sourceTree = "<group>"; };
		AB2B5B9726A2D1B7009BD3C7 /* ServiceConcept.swift */ = {isa = PBXFileReference; lastKnownFileType = sourcecode.swift; path = ServiceConcept.swift; sourceTree = "<group>"; };
		AB2B5B9826A2D1B7009BD3C7 /* NaturalConcept.swift */ = {isa = PBXFileReference; lastKnownFileType = sourcecode.swift; path = NaturalConcept.swift; sourceTree = "<group>"; };
		AB2B5B9926A2D1B7009BD3C7 /* SeasonConcept.swift */ = {isa = PBXFileReference; lastKnownFileType = sourcecode.swift; path = SeasonConcept.swift; sourceTree = "<group>"; };
		AB2B5B9A26A2D1B7009BD3C7 /* OverseasConcept.swift */ = {isa = PBXFileReference; lastKnownFileType = sourcecode.swift; path = OverseasConcept.swift; sourceTree = "<group>"; };
		AB2B5B9B26A2D1B7009BD3C7 /* ElegantConcept.swift */ = {isa = PBXFileReference; lastKnownFileType = sourcecode.swift; path = ElegantConcept.swift; sourceTree = "<group>"; };
		AB2B5B9C26A2D1B7009BD3C7 /* JapanConcept.swift */ = {isa = PBXFileReference; lastKnownFileType = sourcecode.swift; path = JapanConcept.swift; sourceTree = "<group>"; };
		AB2B5B9D26A2D1B7009BD3C7 /* PopConcept.swift */ = {isa = PBXFileReference; lastKnownFileType = sourcecode.swift; path = PopConcept.swift; sourceTree = "<group>"; };
		AB2B5BA726A2D244009BD3C7 /* Setting.storyboard */ = {isa = PBXFileReference; fileEncoding = 4; lastKnownFileType = file.storyboard; path = Setting.storyboard; sourceTree = "<group>"; };
		AB2B5BA826A2D244009BD3C7 /* ColorConcept.storyboard */ = {isa = PBXFileReference; fileEncoding = 4; lastKnownFileType = file.storyboard; path = ColorConcept.storyboard; sourceTree = "<group>"; };
		AB2B5BA926A2D244009BD3C7 /* ThemeColor.storyboard */ = {isa = PBXFileReference; fileEncoding = 4; lastKnownFileType = file.storyboard; path = ThemeColor.storyboard; sourceTree = "<group>"; };
		AB2B5BAE26A2D2C1009BD3C7 /* SectionHeaderView.xib */ = {isa = PBXFileReference; fileEncoding = 4; lastKnownFileType = file.xib; path = SectionHeaderView.xib; sourceTree = "<group>"; };
		AB2B5BAF26A2D2C1009BD3C7 /* ColorConceptTableViewCell.swift */ = {isa = PBXFileReference; fileEncoding = 4; lastKnownFileType = sourcecode.swift; path = ColorConceptTableViewCell.swift; sourceTree = "<group>"; };
		AB2B5BB026A2D2C1009BD3C7 /* AccordionColorTableViewCell.xib */ = {isa = PBXFileReference; fileEncoding = 4; lastKnownFileType = file.xib; path = AccordionColorTableViewCell.xib; sourceTree = "<group>"; };
		AB2B5BB126A2D2C2009BD3C7 /* AccordionColorTableViewCell.swift */ = {isa = PBXFileReference; fileEncoding = 4; lastKnownFileType = sourcecode.swift; path = AccordionColorTableViewCell.swift; sourceTree = "<group>"; };
		AB2B5BB226A2D2C2009BD3C7 /* SectionHeaderView.swift */ = {isa = PBXFileReference; fileEncoding = 4; lastKnownFileType = sourcecode.swift; path = SectionHeaderView.swift; sourceTree = "<group>"; };
		AB2B5BB326A2D2C2009BD3C7 /* ColorConceptTableViewCell.xib */ = {isa = PBXFileReference; fileEncoding = 4; lastKnownFileType = file.xib; path = ColorConceptTableViewCell.xib; sourceTree = "<group>"; };
		AB2B5BB426A2D2C2009BD3C7 /* AccordionTableViewCell.swift */ = {isa = PBXFileReference; fileEncoding = 4; lastKnownFileType = sourcecode.swift; path = AccordionTableViewCell.swift; sourceTree = "<group>"; };
		AB2B5BB526A2D2C2009BD3C7 /* AccordionTableViewCell.xib */ = {isa = PBXFileReference; fileEncoding = 4; lastKnownFileType = file.xib; path = AccordionTableViewCell.xib; sourceTree = "<group>"; };
		AB2B5BBF26A2D36F009BD3C7 /* ColorChoicesTileViewController.swift */ = {isa = PBXFileReference; fileEncoding = 4; lastKnownFileType = sourcecode.swift; path = ColorChoicesTileViewController.swift; sourceTree = "<group>"; };
		AB2B5BC026A2D36F009BD3C7 /* ColorChoicesSliderViewController.swift */ = {isa = PBXFileReference; fileEncoding = 4; lastKnownFileType = sourcecode.swift; path = ColorChoicesSliderViewController.swift; sourceTree = "<group>"; };
		AB2B5BC126A2D36F009BD3C7 /* ColorChoicesConceptViewController.swift */ = {isa = PBXFileReference; fileEncoding = 4; lastKnownFileType = sourcecode.swift; path = ColorChoicesConceptViewController.swift; sourceTree = "<group>"; };
		AB2B5BC226A2D36F009BD3C7 /* ColorConceptViewController.swift */ = {isa = PBXFileReference; fileEncoding = 4; lastKnownFileType = sourcecode.swift; path = ColorConceptViewController.swift; sourceTree = "<group>"; };
		AB2B5BC326A2D36F009BD3C7 /* SettingViewController.swift */ = {isa = PBXFileReference; fileEncoding = 4; lastKnownFileType = sourcecode.swift; path = SettingViewController.swift; sourceTree = "<group>"; };
		AB2B5BC426A2D36F009BD3C7 /* ThemeColorViewController.swift */ = {isa = PBXFileReference; fileEncoding = 4; lastKnownFileType = sourcecode.swift; path = ThemeColorViewController.swift; sourceTree = "<group>"; };
		AB2B5BCC26A2DC1E009BD3C7 /* Top.storyboard */ = {isa = PBXFileReference; lastKnownFileType = file.storyboard; path = Top.storyboard; sourceTree = "<group>"; };
		AB4D6BBD2672099C00E5286E /* UIButton+Extension.swift */ = {isa = PBXFileReference; lastKnownFileType = sourcecode.swift; path = "UIButton+Extension.swift"; sourceTree = "<group>"; };
		AB93C237266A234800C3AE8F /* StudyRecordApp.app */ = {isa = PBXFileReference; explicitFileType = wrapper.application; includeInIndex = 0; path = StudyRecordApp.app; sourceTree = BUILT_PRODUCTS_DIR; };
		AB93C23A266A234800C3AE8F /* AppDelegate.swift */ = {isa = PBXFileReference; lastKnownFileType = sourcecode.swift; path = AppDelegate.swift; sourceTree = "<group>"; };
		AB93C23C266A234800C3AE8F /* SceneDelegate.swift */ = {isa = PBXFileReference; lastKnownFileType = sourcecode.swift; path = SceneDelegate.swift; sourceTree = "<group>"; };
		AB93C243266A234C00C3AE8F /* Assets.xcassets */ = {isa = PBXFileReference; lastKnownFileType = folder.assetcatalog; path = Assets.xcassets; sourceTree = "<group>"; };
		AB93C246266A234C00C3AE8F /* Base */ = {isa = PBXFileReference; lastKnownFileType = file.storyboard; name = Base; path = Base.lproj/LaunchScreen.storyboard; sourceTree = "<group>"; };
		AB93C248266A234C00C3AE8F /* Info.plist */ = {isa = PBXFileReference; lastKnownFileType = text.plist.xml; path = Info.plist; sourceTree = "<group>"; };
		AB93C24E266A271E00C3AE8F /* StudyRecordViewController.swift */ = {isa = PBXFileReference; lastKnownFileType = sourcecode.swift; path = StudyRecordViewController.swift; sourceTree = "<group>"; };
		AB93C250266A27B900C3AE8F /* StudyRecord.storyboard */ = {isa = PBXFileReference; lastKnownFileType = file.storyboard; path = StudyRecord.storyboard; sourceTree = "<group>"; };
		AB93C256266A5A0900C3AE8F /* StudyRecordTableViewCell.swift */ = {isa = PBXFileReference; lastKnownFileType = sourcecode.swift; path = StudyRecordTableViewCell.swift; sourceTree = "<group>"; };
		AB93C257266A5A0900C3AE8F /* StudyRecordTableViewCell.xib */ = {isa = PBXFileReference; lastKnownFileType = file.xib; path = StudyRecordTableViewCell.xib; sourceTree = "<group>"; };
		AB93C265266A7DEB00C3AE8F /* AdditionalStudyRecord.storyboard */ = {isa = PBXFileReference; lastKnownFileType = file.storyboard; path = AdditionalStudyRecord.storyboard; sourceTree = "<group>"; };
		AB93C267266A7DFF00C3AE8F /* AdditionalStudyRecordViewController.swift */ = {isa = PBXFileReference; lastKnownFileType = sourcecode.swift; path = AdditionalStudyRecordViewController.swift; sourceTree = "<group>"; };
		AB93C2BC266BABA900C3AE8F /* Record.swift */ = {isa = PBXFileReference; lastKnownFileType = sourcecode.swift; path = Record.swift; sourceTree = "<group>"; };
		AB93C2BE266BACE100C3AE8F /* StudyRecordSectionView.swift */ = {isa = PBXFileReference; lastKnownFileType = sourcecode.swift; path = StudyRecordSectionView.swift; sourceTree = "<group>"; };
		AB93C2C0266BAD1100C3AE8F /* StudyRecordSectionView.xib */ = {isa = PBXFileReference; lastKnownFileType = file.xib; path = StudyRecordSectionView.xib; sourceTree = "<group>"; };
		AB93C2C2266BC28E00C3AE8F /* EditStudyRecordViewController.swift */ = {isa = PBXFileReference; lastKnownFileType = sourcecode.swift; path = EditStudyRecordViewController.swift; sourceTree = "<group>"; };
		AB93C2C4266BC2D600C3AE8F /* EditStudyRecord.storyboard */ = {isa = PBXFileReference; lastKnownFileType = file.storyboard; path = EditStudyRecord.storyboard; sourceTree = "<group>"; };
		AB93C2C9266C846400C3AE8F /* UIView+Extension.swift */ = {isa = PBXFileReference; lastKnownFileType = sourcecode.swift; path = "UIView+Extension.swift"; sourceTree = "<group>"; };
		AB93C33B2670FC2C00C3AE8F /* CurrentTimeViewController.swift */ = {isa = PBXFileReference; lastKnownFileType = sourcecode.swift; path = CurrentTimeViewController.swift; sourceTree = "<group>"; };
		AB93C33D2670FC4D00C3AE8F /* AlarmViewController.swift */ = {isa = PBXFileReference; lastKnownFileType = sourcecode.swift; path = AlarmViewController.swift; sourceTree = "<group>"; };
		AB93C33F2670FC6400C3AE8F /* StopwatchViewController.swift */ = {isa = PBXFileReference; lastKnownFileType = sourcecode.swift; path = StopwatchViewController.swift; sourceTree = "<group>"; };
		AB93C3412670FC6C00C3AE8F /* TimerViewController.swift */ = {isa = PBXFileReference; lastKnownFileType = sourcecode.swift; path = TimerViewController.swift; sourceTree = "<group>"; };
		AB93C34C26711A1000C3AE8F /* TimeManager.swift */ = {isa = PBXFileReference; lastKnownFileType = sourcecode.swift; path = TimeManager.swift; sourceTree = "<group>"; };
		ABA056F026B4C67800E3DF01 /* StudyRecordTitleTableViewCell.swift */ = {isa = PBXFileReference; lastKnownFileType = sourcecode.swift; path = StudyRecordTitleTableViewCell.swift; sourceTree = "<group>"; };
		ABA056F126B4C67800E3DF01 /* StudyRecordTitleTableViewCell.xib */ = {isa = PBXFileReference; lastKnownFileType = file.xib; path = StudyRecordTitleTableViewCell.xib; sourceTree = "<group>"; };
		ABA056F426B4C7D800E3DF01 /* StudyRecordGraphColorTableViewCell.swift */ = {isa = PBXFileReference; lastKnownFileType = sourcecode.swift; path = StudyRecordGraphColorTableViewCell.swift; sourceTree = "<group>"; };
		ABA056F526B4C7D800E3DF01 /* StudyRecordGraphColorTableViewCell.xib */ = {isa = PBXFileReference; lastKnownFileType = file.xib; path = StudyRecordGraphColorTableViewCell.xib; sourceTree = "<group>"; };
		ABA056F826B5025C00E3DF01 /* StudyRecordMemoTableViewCell.swift */ = {isa = PBXFileReference; lastKnownFileType = sourcecode.swift; path = StudyRecordMemoTableViewCell.swift; sourceTree = "<group>"; };
		ABA056F926B5025C00E3DF01 /* StudyRecordMemoTableViewCell.xib */ = {isa = PBXFileReference; lastKnownFileType = file.xib; path = StudyRecordMemoTableViewCell.xib; sourceTree = "<group>"; };
		ABA056FC26B5083F00E3DF01 /* UIAlertController+Extension.swift */ = {isa = PBXFileReference; lastKnownFileType = sourcecode.swift; path = "UIAlertController+Extension.swift"; sourceTree = "<group>"; };
		ABA056FE26B50CC700E3DF01 /* GraphColorTileView.xib */ = {isa = PBXFileReference; lastKnownFileType = file.xib; path = GraphColorTileView.xib; sourceTree = "<group>"; };
		ABA0570026B50D1900E3DF01 /* GraphColorTileView.swift */ = {isa = PBXFileReference; lastKnownFileType = sourcecode.swift; path = GraphColorTileView.swift; sourceTree = "<group>"; };
		ABA0570226B50F7100E3DF01 /* StudyRecordGraphColor.storyboard */ = {isa = PBXFileReference; lastKnownFileType = file.storyboard; path = StudyRecordGraphColor.storyboard; sourceTree = "<group>"; };
		ABA0570426B50F8100E3DF01 /* StudyRecordGraphColorViewController.swift */ = {isa = PBXFileReference; lastKnownFileType = sourcecode.swift; path = StudyRecordGraphColorViewController.swift; sourceTree = "<group>"; };
		ABAFB56F26735A670095415F /* TimeContainerViewController.swift */ = {isa = PBXFileReference; lastKnownFileType = sourcecode.swift; path = TimeContainerViewController.swift; sourceTree = "<group>"; };
		ABAFB57126735E120095415F /* CurrentTime.storyboard */ = {isa = PBXFileReference; lastKnownFileType = file.storyboard; path = CurrentTime.storyboard; sourceTree = "<group>"; };
		ABAFB57326737EDB0095415F /* TimeContainer.storyboard */ = {isa = PBXFileReference; lastKnownFileType = file.storyboard; path = TimeContainer.storyboard; sourceTree = "<group>"; };
		ABAFB6262674D4FC0095415F /* AlarmTableViewCell.swift */ = {isa = PBXFileReference; lastKnownFileType = sourcecode.swift; path = AlarmTableViewCell.swift; sourceTree = "<group>"; };
		ABAFB6272674D4FC0095415F /* AlarmTableViewCell.xib */ = {isa = PBXFileReference; lastKnownFileType = file.xib; path = AlarmTableViewCell.xib; sourceTree = "<group>"; };
		ABAFB62C2674D7750095415F /* Alarm.swift */ = {isa = PBXFileReference; lastKnownFileType = sourcecode.swift; path = Alarm.swift; sourceTree = "<group>"; };
/* End PBXFileReference section */

/* Begin PBXFrameworksBuildPhase section */
		AB93C234266A234800C3AE8F /* Frameworks */ = {
			isa = PBXFrameworksBuildPhase;
			buildActionMask = 2147483647;
			files = (
			);
			runOnlyForDeploymentPostprocessing = 0;
		};
/* End PBXFrameworksBuildPhase section */

/* Begin PBXGroup section */
		AB13ECD126B601F8002F56FF /* Xibs */ = {
			isa = PBXGroup;
			children = (
				ABA056FE26B50CC700E3DF01 /* GraphColorTileView.xib */,
				ABA0570026B50D1900E3DF01 /* GraphColorTileView.swift */,
			);
			path = Xibs;
			sourceTree = "<group>";
		};
		AB2B5B9026A2D13C009BD3C7 /* UIKit+Extension */ = {
			isa = PBXGroup;
			children = (
				AB2B5B8026A2D0FD009BD3C7 /* UIColor+Extension.swift */,
				AB4D6BBD2672099C00E5286E /* UIButton+Extension.swift */,
				AB93C2C9266C846400C3AE8F /* UIView+Extension.swift */,
				ABA056FC26B5083F00E3DF01 /* UIAlertController+Extension.swift */,
				AB2B5B8926A2D106009BD3C7 /* UITableView+Extension.swift */,
				AB2B5B8A26A2D106009BD3C7 /* UITableViewCell+Extension.swift */,
				AB2B5B8826A2D106009BD3C7 /* UITableViewHeaderFooterView+Extension.swift */,
				AB2B5B8226A2D0FD009BD3C7 /* UICollectionView+Extension.swift */,
				AB2B5B7E26A2D0FD009BD3C7 /* UICollectionViewCell+Extension.swift */,
			);
			path = "UIKit+Extension";
			sourceTree = "<group>";
		};
		AB2B5BA526A2D1C1009BD3C7 /* SubConcepts */ = {
			isa = PBXGroup;
			children = (
				AB2B5B9B26A2D1B7009BD3C7 /* ElegantConcept.swift */,
				AB2B5B9C26A2D1B7009BD3C7 /* JapanConcept.swift */,
				AB2B5B9826A2D1B7009BD3C7 /* NaturalConcept.swift */,
				AB2B5B9A26A2D1B7009BD3C7 /* OverseasConcept.swift */,
				AB2B5B9D26A2D1B7009BD3C7 /* PopConcept.swift */,
				AB2B5B9926A2D1B7009BD3C7 /* SeasonConcept.swift */,
				AB2B5B9726A2D1B7009BD3C7 /* ServiceConcept.swift */,
			);
			path = SubConcepts;
			sourceTree = "<group>";
		};
		AB2B5BA626A2D232009BD3C7 /* Setting */ = {
			isa = PBXGroup;
			children = (
				AB2B5BA726A2D244009BD3C7 /* Setting.storyboard */,
				AB2B5BA826A2D244009BD3C7 /* ColorConcept.storyboard */,
				AB2B5BA926A2D244009BD3C7 /* ThemeColor.storyboard */,
				AB13ECD526B7AEA3002F56FF /* ColorChoicesConcept.storyboard */,
				AB13ECD726B7AF27002F56FF /* ColorChoicesTile.storyboard */,
				AB13ECD926B7AF6F002F56FF /* ColorChoicesSlider.storyboard */,
			);
			path = Setting;
			sourceTree = "<group>";
		};
		AB2B5BAD26A2D2A8009BD3C7 /* Setting */ = {
			isa = PBXGroup;
			children = (
				AB2B5BB226A2D2C2009BD3C7 /* SectionHeaderView.swift */,
				AB2B5BAE26A2D2C1009BD3C7 /* SectionHeaderView.xib */,
				AB2B5BB426A2D2C2009BD3C7 /* AccordionTableViewCell.swift */,
				AB2B5BB526A2D2C2009BD3C7 /* AccordionTableViewCell.xib */,
				AB2B5BB126A2D2C2009BD3C7 /* AccordionColorTableViewCell.swift */,
				AB2B5BB026A2D2C1009BD3C7 /* AccordionColorTableViewCell.xib */,
				AB2B5BAF26A2D2C1009BD3C7 /* ColorConceptTableViewCell.swift */,
				AB2B5BB326A2D2C2009BD3C7 /* ColorConceptTableViewCell.xib */,
			);
			path = Setting;
			sourceTree = "<group>";
		};
		AB2B5BBE26A2D352009BD3C7 /* Setting */ = {
			isa = PBXGroup;
			children = (
				AB2B5BC326A2D36F009BD3C7 /* SettingViewController.swift */,
				AB2B5BC426A2D36F009BD3C7 /* ThemeColorViewController.swift */,
				AB2B5BC226A2D36F009BD3C7 /* ColorConceptViewController.swift */,
				AB2B5BC126A2D36F009BD3C7 /* ColorChoicesConceptViewController.swift */,
				AB2B5BBF26A2D36F009BD3C7 /* ColorChoicesTileViewController.swift */,
				AB2B5BC026A2D36F009BD3C7 /* ColorChoicesSliderViewController.swift */,
			);
			path = Setting;
			sourceTree = "<group>";
		};
		AB2B5BCB26A2DC11009BD3C7 /* Top */ = {
			isa = PBXGroup;
			children = (
				AB2B5BCC26A2DC1E009BD3C7 /* Top.storyboard */,
			);
			path = Top;
			sourceTree = "<group>";
		};
		AB93C22E266A234800C3AE8F = {
			isa = PBXGroup;
			children = (
				AB93C239266A234800C3AE8F /* StudyRecordApp */,
				AB93C238266A234800C3AE8F /* Products */,
			);
			sourceTree = "<group>";
		};
		AB93C238266A234800C3AE8F /* Products */ = {
			isa = PBXGroup;
			children = (
				AB93C237266A234800C3AE8F /* StudyRecordApp.app */,
			);
			name = Products;
			sourceTree = "<group>";
		};
		AB93C239266A234800C3AE8F /* StudyRecordApp */ = {
			isa = PBXGroup;
			children = (
				AB93C25A266A5A0D00C3AE8F /* Models */,
				AB93C25B266A5A2800C3AE8F /* Views */,
				AB93C25C266A5A2C00C3AE8F /* Controllers */,
				AB93C2CB266C84CA00C3AE8F /* Extensions */,
				AB93C23A266A234800C3AE8F /* AppDelegate.swift */,
				AB93C23C266A234800C3AE8F /* SceneDelegate.swift */,
				AB93C243266A234C00C3AE8F /* Assets.xcassets */,
				AB93C245266A234C00C3AE8F /* LaunchScreen.storyboard */,
				AB93C248266A234C00C3AE8F /* Info.plist */,
			);
			path = StudyRecordApp;
			sourceTree = "<group>";
		};
		AB93C25A266A5A0D00C3AE8F /* Models */ = {
			isa = PBXGroup;
			children = (
				AB93C2BC266BABA900C3AE8F /* Record.swift */,
				AB93C34C26711A1000C3AE8F /* TimeManager.swift */,
				ABAFB62C2674D7750095415F /* Alarm.swift */,
				AB2B5B9326A2D19E009BD3C7 /* ThemeColor.swift */,
				AB2B5B9226A2D19E009BD3C7 /* ColorConcept.swift */,
				AB2B5BA526A2D1C1009BD3C7 /* SubConcepts */,
			);
			path = Models;
			sourceTree = "<group>";
		};
		AB93C25B266A5A2800C3AE8F /* Views */ = {
			isa = PBXGroup;
			children = (
				AB93C25D266A5A5E00C3AE8F /* Storyboards */,
				AB13ECD126B601F8002F56FF /* Xibs */,
				AB93C25E266A5A6600C3AE8F /* Cells */,
			);
			path = Views;
			sourceTree = "<group>";
		};
		AB93C25C266A5A2C00C3AE8F /* Controllers */ = {
			isa = PBXGroup;
			children = (
				AB93C2C6266BC4B000C3AE8F /* StudyRecord */,
				AB93C33A2670FBA700C3AE8F /* Time */,
				AB2B5BBE26A2D352009BD3C7 /* Setting */,
			);
			path = Controllers;
			sourceTree = "<group>";
		};
		AB93C25D266A5A5E00C3AE8F /* Storyboards */ = {
			isa = PBXGroup;
			children = (
				AB2B5BCB26A2DC11009BD3C7 /* Top */,
				AB93C2C7266BC4F000C3AE8F /* StudyRecord */,
				AB93C3452670FCD600C3AE8F /* Time */,
				AB2B5BA626A2D232009BD3C7 /* Setting */,
			);
			path = Storyboards;
			sourceTree = "<group>";
		};
		AB93C25E266A5A6600C3AE8F /* Cells */ = {
			isa = PBXGroup;
			children = (
				AB93C2C8266BC50600C3AE8F /* StudyRecord */,
				ABAFB62A2674D5120095415F /* Time */,
				AB2B5BAD26A2D2A8009BD3C7 /* Setting */,
			);
			path = Cells;
			sourceTree = "<group>";
		};
		AB93C2C6266BC4B000C3AE8F /* StudyRecord */ = {
			isa = PBXGroup;
			children = (
				AB93C24E266A271E00C3AE8F /* StudyRecordViewController.swift */,
				AB93C267266A7DFF00C3AE8F /* AdditionalStudyRecordViewController.swift */,
				AB93C2C2266BC28E00C3AE8F /* EditStudyRecordViewController.swift */,
				ABA0570426B50F8100E3DF01 /* StudyRecordGraphColorViewController.swift */,
			);
			path = StudyRecord;
			sourceTree = "<group>";
		};
		AB93C2C7266BC4F000C3AE8F /* StudyRecord */ = {
			isa = PBXGroup;
			children = (
				AB93C250266A27B900C3AE8F /* StudyRecord.storyboard */,
				AB93C265266A7DEB00C3AE8F /* AdditionalStudyRecord.storyboard */,
				AB93C2C4266BC2D600C3AE8F /* EditStudyRecord.storyboard */,
				ABA0570226B50F7100E3DF01 /* StudyRecordGraphColor.storyboard */,
			);
			path = StudyRecord;
			sourceTree = "<group>";
		};
		AB93C2C8266BC50600C3AE8F /* StudyRecord */ = {
			isa = PBXGroup;
			children = (
				AB93C256266A5A0900C3AE8F /* StudyRecordTableViewCell.swift */,
				AB93C257266A5A0900C3AE8F /* StudyRecordTableViewCell.xib */,
				AB93C2BE266BACE100C3AE8F /* StudyRecordSectionView.swift */,
				AB93C2C0266BAD1100C3AE8F /* StudyRecordSectionView.xib */,
				ABA056F026B4C67800E3DF01 /* StudyRecordTitleTableViewCell.swift */,
				ABA056F126B4C67800E3DF01 /* StudyRecordTitleTableViewCell.xib */,
				ABA056F426B4C7D800E3DF01 /* StudyRecordGraphColorTableViewCell.swift */,
				ABA056F526B4C7D800E3DF01 /* StudyRecordGraphColorTableViewCell.xib */,
				ABA056F826B5025C00E3DF01 /* StudyRecordMemoTableViewCell.swift */,
				ABA056F926B5025C00E3DF01 /* StudyRecordMemoTableViewCell.xib */,
			);
			path = StudyRecord;
			sourceTree = "<group>";
		};
		AB93C2CB266C84CA00C3AE8F /* Extensions */ = {
			isa = PBXGroup;
			children = (
				AB2B5B9026A2D13C009BD3C7 /* UIKit+Extension */,
				AB2B5B7F26A2D0FD009BD3C7 /* NotificationName+Extension.swift */,
				AB2B5B8126A2D0FD009BD3C7 /* NSObjectProtocol+Extension.swift */,
			);
			path = Extensions;
			sourceTree = "<group>";
		};
		AB93C33A2670FBA700C3AE8F /* Time */ = {
			isa = PBXGroup;
			children = (
				AB93C33B2670FC2C00C3AE8F /* CurrentTimeViewController.swift */,
				ABAFB56F26735A670095415F /* TimeContainerViewController.swift */,
				AB93C33D2670FC4D00C3AE8F /* AlarmViewController.swift */,
				AB93C33F2670FC6400C3AE8F /* StopwatchViewController.swift */,
				AB93C3412670FC6C00C3AE8F /* TimerViewController.swift */,
			);
			path = Time;
			sourceTree = "<group>";
		};
		AB93C3452670FCD600C3AE8F /* Time */ = {
			isa = PBXGroup;
			children = (
				ABAFB57126735E120095415F /* CurrentTime.storyboard */,
				ABAFB57326737EDB0095415F /* TimeContainer.storyboard */,
			);
			path = Time;
			sourceTree = "<group>";
		};
		ABAFB62A2674D5120095415F /* Time */ = {
			isa = PBXGroup;
			children = (
				ABAFB6262674D4FC0095415F /* AlarmTableViewCell.swift */,
				ABAFB6272674D4FC0095415F /* AlarmTableViewCell.xib */,
			);
			path = Time;
			sourceTree = "<group>";
		};
/* End PBXGroup section */

/* Begin PBXNativeTarget section */
		AB93C236266A234800C3AE8F /* StudyRecordApp */ = {
			isa = PBXNativeTarget;
			buildConfigurationList = AB93C24B266A234C00C3AE8F /* Build configuration list for PBXNativeTarget "StudyRecordApp" */;
			buildPhases = (
				AB93C233266A234800C3AE8F /* Sources */,
				AB93C234266A234800C3AE8F /* Frameworks */,
				AB93C235266A234800C3AE8F /* Resources */,
			);
			buildRules = (
			);
			dependencies = (
			);
			name = StudyRecordApp;
			productName = StudyRecordApp;
			productReference = AB93C237266A234800C3AE8F /* StudyRecordApp.app */;
			productType = "com.apple.product-type.application";
		};
/* End PBXNativeTarget section */

/* Begin PBXProject section */
		AB93C22F266A234800C3AE8F /* Project object */ = {
			isa = PBXProject;
			attributes = {
				LastSwiftUpdateCheck = 1250;
				LastUpgradeCheck = 1250;
				TargetAttributes = {
					AB93C236266A234800C3AE8F = {
						CreatedOnToolsVersion = 12.5;
					};
				};
			};
			buildConfigurationList = AB93C232266A234800C3AE8F /* Build configuration list for PBXProject "StudyRecordApp" */;
			compatibilityVersion = "Xcode 12.0";
			developmentRegion = en;
			hasScannedForEncodings = 0;
			knownRegions = (
				en,
				Base,
			);
			mainGroup = AB93C22E266A234800C3AE8F;
			productRefGroup = AB93C238266A234800C3AE8F /* Products */;
			projectDirPath = "";
			projectRoot = "";
			targets = (
				AB93C236266A234800C3AE8F /* StudyRecordApp */,
			);
		};
/* End PBXProject section */

/* Begin PBXResourcesBuildPhase section */
		AB93C235266A234800C3AE8F /* Resources */ = {
			isa = PBXResourcesBuildPhase;
			buildActionMask = 2147483647;
			files = (
				AB93C247266A234C00C3AE8F /* LaunchScreen.storyboard in Resources */,
				AB2B5BBB26A2D2C2009BD3C7 /* ColorConceptTableViewCell.xib in Resources */,
				AB13ECDA26B7AF6F002F56FF /* ColorChoicesSlider.storyboard in Resources */,
				ABA056F326B4C67800E3DF01 /* StudyRecordTitleTableViewCell.xib in Resources */,
				AB93C251266A27B900C3AE8F /* StudyRecord.storyboard in Resources */,
				AB2B5BAB26A2D244009BD3C7 /* ColorConcept.storyboard in Resources */,
				AB93C244266A234C00C3AE8F /* Assets.xcassets in Resources */,
				AB2B5BB826A2D2C2009BD3C7 /* AccordionColorTableViewCell.xib in Resources */,
				ABA0570326B50F7100E3DF01 /* StudyRecordGraphColor.storyboard in Resources */,
				ABA056FF26B50CC700E3DF01 /* GraphColorTileView.xib in Resources */,
				ABA056F726B4C7D800E3DF01 /* StudyRecordGraphColorTableViewCell.xib in Resources */,
				AB93C2C5266BC2D600C3AE8F /* EditStudyRecord.storyboard in Resources */,
				ABAFB6292674D4FC0095415F /* AlarmTableViewCell.xib in Resources */,
				AB2B5BB626A2D2C2009BD3C7 /* SectionHeaderView.xib in Resources */,
				AB2B5BBD26A2D2C2009BD3C7 /* AccordionTableViewCell.xib in Resources */,
				AB13ECD626B7AEA3002F56FF /* ColorChoicesConcept.storyboard in Resources */,
				AB93C2C1266BAD1100C3AE8F /* StudyRecordSectionView.xib in Resources */,
				AB2B5BAC26A2D244009BD3C7 /* ThemeColor.storyboard in Resources */,
				AB93C259266A5A0900C3AE8F /* StudyRecordTableViewCell.xib in Resources */,
				ABA056FB26B5025C00E3DF01 /* StudyRecordMemoTableViewCell.xib in Resources */,
				AB93C266266A7DEB00C3AE8F /* AdditionalStudyRecord.storyboard in Resources */,
				ABAFB57226735E120095415F /* CurrentTime.storyboard in Resources */,
				AB2B5BCD26A2DC1E009BD3C7 /* Top.storyboard in Resources */,
				ABAFB57426737EDB0095415F /* TimeContainer.storyboard in Resources */,
				AB2B5BAA26A2D244009BD3C7 /* Setting.storyboard in Resources */,
				AB13ECD826B7AF27002F56FF /* ColorChoicesTile.storyboard in Resources */,
			);
			runOnlyForDeploymentPostprocessing = 0;
		};
/* End PBXResourcesBuildPhase section */

/* Begin PBXSourcesBuildPhase section */
		AB93C233266A234800C3AE8F /* Sources */ = {
			isa = PBXSourcesBuildPhase;
			buildActionMask = 2147483647;
			files = (
				AB2B5B9F26A2D1B7009BD3C7 /* OverseasConcept.swift in Sources */,
				AB2B5BC526A2D36F009BD3C7 /* ColorChoicesTileViewController.swift in Sources */,
				AB93C24F266A271E00C3AE8F /* StudyRecordViewController.swift in Sources */,
				AB93C33E2670FC4E00C3AE8F /* AlarmViewController.swift in Sources */,
				AB93C34D26711A1000C3AE8F /* TimeManager.swift in Sources */,
				ABA056FA26B5025C00E3DF01 /* StudyRecordMemoTableViewCell.swift in Sources */,
				AB2B5BCA26A2D36F009BD3C7 /* ThemeColorViewController.swift in Sources */,
				AB2B5B8C26A2D106009BD3C7 /* UITableViewHeaderFooterView+Extension.swift in Sources */,
				ABA0570526B50F8100E3DF01 /* StudyRecordGraphColorViewController.swift in Sources */,
				AB2B5B8426A2D0FD009BD3C7 /* NotificationName+Extension.swift in Sources */,
				AB93C2BD266BABA900C3AE8F /* Record.swift in Sources */,
				AB2B5BA026A2D1B7009BD3C7 /* ServiceConcept.swift in Sources */,
				AB2B5B8726A2D0FD009BD3C7 /* UICollectionView+Extension.swift in Sources */,
				ABAFB62D2674D7750095415F /* Alarm.swift in Sources */,
				AB4D6BBE2672099C00E5286E /* UIButton+Extension.swift in Sources */,
				AB93C3422670FC6C00C3AE8F /* TimerViewController.swift in Sources */,
				AB2B5BA426A2D1B7009BD3C7 /* PopConcept.swift in Sources */,
				AB2B5BBC26A2D2C2009BD3C7 /* AccordionTableViewCell.swift in Sources */,
				AB2B5BC726A2D36F009BD3C7 /* ColorChoicesConceptViewController.swift in Sources */,
				ABAFB57026735A670095415F /* TimeContainerViewController.swift in Sources */,
				ABA056F226B4C67800E3DF01 /* StudyRecordTitleTableViewCell.swift in Sources */,
				AB2B5BB726A2D2C2009BD3C7 /* ColorConceptTableViewCell.swift in Sources */,
				AB2B5B8326A2D0FD009BD3C7 /* UICollectionViewCell+Extension.swift in Sources */,
				AB93C268266A7DFF00C3AE8F /* AdditionalStudyRecordViewController.swift in Sources */,
				AB2B5B9E26A2D1B7009BD3C7 /* NaturalConcept.swift in Sources */,
				ABA0570126B50D1900E3DF01 /* GraphColorTileView.swift in Sources */,
				AB2B5BA326A2D1B7009BD3C7 /* JapanConcept.swift in Sources */,
				AB2B5BA126A2D1B7009BD3C7 /* SeasonConcept.swift in Sources */,
				AB93C33C2670FC2C00C3AE8F /* CurrentTimeViewController.swift in Sources */,
				AB2B5B8526A2D0FD009BD3C7 /* UIColor+Extension.swift in Sources */,
				AB2B5BBA26A2D2C2009BD3C7 /* SectionHeaderView.swift in Sources */,
				ABA056FD26B5083F00E3DF01 /* UIAlertController+Extension.swift in Sources */,
				AB2B5B8E26A2D106009BD3C7 /* UITableViewCell+Extension.swift in Sources */,
				AB93C2CA266C846400C3AE8F /* UIView+Extension.swift in Sources */,
				AB2B5B8626A2D0FD009BD3C7 /* NSObjectProtocol+Extension.swift in Sources */,
				AB2B5BC626A2D36F009BD3C7 /* ColorChoicesSliderViewController.swift in Sources */,
				AB93C23B266A234800C3AE8F /* AppDelegate.swift in Sources */,
				AB2B5BC926A2D36F009BD3C7 /* SettingViewController.swift in Sources */,
				AB2B5BB926A2D2C2009BD3C7 /* AccordionColorTableViewCell.swift in Sources */,
				AB93C2C3266BC28E00C3AE8F /* EditStudyRecordViewController.swift in Sources */,
				ABA056F626B4C7D800E3DF01 /* StudyRecordGraphColorTableViewCell.swift in Sources */,
				ABAFB6282674D4FC0095415F /* AlarmTableViewCell.swift in Sources */,
				AB2B5B8D26A2D106009BD3C7 /* UITableView+Extension.swift in Sources */,
				AB93C258266A5A0900C3AE8F /* StudyRecordTableViewCell.swift in Sources */,
				AB93C3402670FC6400C3AE8F /* StopwatchViewController.swift in Sources */,
				AB2B5BA226A2D1B7009BD3C7 /* ElegantConcept.swift in Sources */,
				AB93C23D266A234800C3AE8F /* SceneDelegate.swift in Sources */,
				AB2B5B9626A2D19E009BD3C7 /* ThemeColor.swift in Sources */,
				AB93C2BF266BACE100C3AE8F /* StudyRecordSectionView.swift in Sources */,
				AB2B5B9526A2D19E009BD3C7 /* ColorConcept.swift in Sources */,
				AB2B5BC826A2D36F009BD3C7 /* ColorConceptViewController.swift in Sources */,
			);
			runOnlyForDeploymentPostprocessing = 0;
		};
/* End PBXSourcesBuildPhase section */

/* Begin PBXVariantGroup section */
		AB93C245266A234C00C3AE8F /* LaunchScreen.storyboard */ = {
			isa = PBXVariantGroup;
			children = (
				AB93C246266A234C00C3AE8F /* Base */,
			);
			name = LaunchScreen.storyboard;
			sourceTree = "<group>";
		};
/* End PBXVariantGroup section */

/* Begin XCBuildConfiguration section */
		AB93C249266A234C00C3AE8F /* Debug */ = {
			isa = XCBuildConfiguration;
			buildSettings = {
				ALWAYS_SEARCH_USER_PATHS = NO;
				CLANG_ANALYZER_NONNULL = YES;
				CLANG_ANALYZER_NUMBER_OBJECT_CONVERSION = YES_AGGRESSIVE;
				CLANG_CXX_LANGUAGE_STANDARD = "gnu++14";
				CLANG_CXX_LIBRARY = "libc++";
				CLANG_ENABLE_MODULES = YES;
				CLANG_ENABLE_OBJC_ARC = YES;
				CLANG_ENABLE_OBJC_WEAK = YES;
				CLANG_WARN_BLOCK_CAPTURE_AUTORELEASING = YES;
				CLANG_WARN_BOOL_CONVERSION = YES;
				CLANG_WARN_COMMA = YES;
				CLANG_WARN_CONSTANT_CONVERSION = YES;
				CLANG_WARN_DEPRECATED_OBJC_IMPLEMENTATIONS = YES;
				CLANG_WARN_DIRECT_OBJC_ISA_USAGE = YES_ERROR;
				CLANG_WARN_DOCUMENTATION_COMMENTS = YES;
				CLANG_WARN_EMPTY_BODY = YES;
				CLANG_WARN_ENUM_CONVERSION = YES;
				CLANG_WARN_INFINITE_RECURSION = YES;
				CLANG_WARN_INT_CONVERSION = YES;
				CLANG_WARN_NON_LITERAL_NULL_CONVERSION = YES;
				CLANG_WARN_OBJC_IMPLICIT_RETAIN_SELF = YES;
				CLANG_WARN_OBJC_LITERAL_CONVERSION = YES;
				CLANG_WARN_OBJC_ROOT_CLASS = YES_ERROR;
				CLANG_WARN_QUOTED_INCLUDE_IN_FRAMEWORK_HEADER = YES;
				CLANG_WARN_RANGE_LOOP_ANALYSIS = YES;
				CLANG_WARN_STRICT_PROTOTYPES = YES;
				CLANG_WARN_SUSPICIOUS_MOVE = YES;
				CLANG_WARN_UNGUARDED_AVAILABILITY = YES_AGGRESSIVE;
				CLANG_WARN_UNREACHABLE_CODE = YES;
				CLANG_WARN__DUPLICATE_METHOD_MATCH = YES;
				COPY_PHASE_STRIP = NO;
				DEBUG_INFORMATION_FORMAT = dwarf;
				ENABLE_STRICT_OBJC_MSGSEND = YES;
				ENABLE_TESTABILITY = YES;
				GCC_C_LANGUAGE_STANDARD = gnu11;
				GCC_DYNAMIC_NO_PIC = NO;
				GCC_NO_COMMON_BLOCKS = YES;
				GCC_OPTIMIZATION_LEVEL = 0;
				GCC_PREPROCESSOR_DEFINITIONS = (
					"DEBUG=1",
					"$(inherited)",
				);
				GCC_WARN_64_TO_32_BIT_CONVERSION = YES;
				GCC_WARN_ABOUT_RETURN_TYPE = YES_ERROR;
				GCC_WARN_UNDECLARED_SELECTOR = YES;
				GCC_WARN_UNINITIALIZED_AUTOS = YES_AGGRESSIVE;
				GCC_WARN_UNUSED_FUNCTION = YES;
				GCC_WARN_UNUSED_VARIABLE = YES;
				IPHONEOS_DEPLOYMENT_TARGET = 13.0;
				MTL_ENABLE_DEBUG_INFO = INCLUDE_SOURCE;
				MTL_FAST_MATH = YES;
				ONLY_ACTIVE_ARCH = YES;
				SDKROOT = iphoneos;
				SWIFT_ACTIVE_COMPILATION_CONDITIONS = DEBUG;
				SWIFT_OPTIMIZATION_LEVEL = "-Onone";
			};
			name = Debug;
		};
		AB93C24A266A234C00C3AE8F /* Release */ = {
			isa = XCBuildConfiguration;
			buildSettings = {
				ALWAYS_SEARCH_USER_PATHS = NO;
				CLANG_ANALYZER_NONNULL = YES;
				CLANG_ANALYZER_NUMBER_OBJECT_CONVERSION = YES_AGGRESSIVE;
				CLANG_CXX_LANGUAGE_STANDARD = "gnu++14";
				CLANG_CXX_LIBRARY = "libc++";
				CLANG_ENABLE_MODULES = YES;
				CLANG_ENABLE_OBJC_ARC = YES;
				CLANG_ENABLE_OBJC_WEAK = YES;
				CLANG_WARN_BLOCK_CAPTURE_AUTORELEASING = YES;
				CLANG_WARN_BOOL_CONVERSION = YES;
				CLANG_WARN_COMMA = YES;
				CLANG_WARN_CONSTANT_CONVERSION = YES;
				CLANG_WARN_DEPRECATED_OBJC_IMPLEMENTATIONS = YES;
				CLANG_WARN_DIRECT_OBJC_ISA_USAGE = YES_ERROR;
				CLANG_WARN_DOCUMENTATION_COMMENTS = YES;
				CLANG_WARN_EMPTY_BODY = YES;
				CLANG_WARN_ENUM_CONVERSION = YES;
				CLANG_WARN_INFINITE_RECURSION = YES;
				CLANG_WARN_INT_CONVERSION = YES;
				CLANG_WARN_NON_LITERAL_NULL_CONVERSION = YES;
				CLANG_WARN_OBJC_IMPLICIT_RETAIN_SELF = YES;
				CLANG_WARN_OBJC_LITERAL_CONVERSION = YES;
				CLANG_WARN_OBJC_ROOT_CLASS = YES_ERROR;
				CLANG_WARN_QUOTED_INCLUDE_IN_FRAMEWORK_HEADER = YES;
				CLANG_WARN_RANGE_LOOP_ANALYSIS = YES;
				CLANG_WARN_STRICT_PROTOTYPES = YES;
				CLANG_WARN_SUSPICIOUS_MOVE = YES;
				CLANG_WARN_UNGUARDED_AVAILABILITY = YES_AGGRESSIVE;
				CLANG_WARN_UNREACHABLE_CODE = YES;
				CLANG_WARN__DUPLICATE_METHOD_MATCH = YES;
				COPY_PHASE_STRIP = NO;
				DEBUG_INFORMATION_FORMAT = "dwarf-with-dsym";
				ENABLE_NS_ASSERTIONS = NO;
				ENABLE_STRICT_OBJC_MSGSEND = YES;
				GCC_C_LANGUAGE_STANDARD = gnu11;
				GCC_NO_COMMON_BLOCKS = YES;
				GCC_WARN_64_TO_32_BIT_CONVERSION = YES;
				GCC_WARN_ABOUT_RETURN_TYPE = YES_ERROR;
				GCC_WARN_UNDECLARED_SELECTOR = YES;
				GCC_WARN_UNINITIALIZED_AUTOS = YES_AGGRESSIVE;
				GCC_WARN_UNUSED_FUNCTION = YES;
				GCC_WARN_UNUSED_VARIABLE = YES;
				IPHONEOS_DEPLOYMENT_TARGET = 13.0;
				MTL_ENABLE_DEBUG_INFO = NO;
				MTL_FAST_MATH = YES;
				SDKROOT = iphoneos;
				SWIFT_COMPILATION_MODE = wholemodule;
				SWIFT_OPTIMIZATION_LEVEL = "-O";
				VALIDATE_PRODUCT = YES;
			};
			name = Release;
		};
		AB93C24C266A234C00C3AE8F /* Debug */ = {
			isa = XCBuildConfiguration;
			buildSettings = {
				ASSETCATALOG_COMPILER_APPICON_NAME = AppIcon;
				ASSETCATALOG_COMPILER_GLOBAL_ACCENT_COLOR_NAME = AccentColor;
				CODE_SIGN_STYLE = Automatic;
				DEVELOPMENT_TEAM = 242KS3V77L;
				INFOPLIST_FILE = StudyRecordApp/Info.plist;
				IPHONEOS_DEPLOYMENT_TARGET = 13.0;
				LD_RUNPATH_SEARCH_PATHS = (
					"$(inherited)",
					"@executable_path/Frameworks",
				);
				PRODUCT_BUNDLE_IDENTIFIER = oonishireon.StudyRecordApp;
				PRODUCT_NAME = "$(TARGET_NAME)";
				SWIFT_VERSION = 5.0;
				TARGETED_DEVICE_FAMILY = "1,2";
			};
			name = Debug;
		};
		AB93C24D266A234C00C3AE8F /* Release */ = {
			isa = XCBuildConfiguration;
			buildSettings = {
				ASSETCATALOG_COMPILER_APPICON_NAME = AppIcon;
				ASSETCATALOG_COMPILER_GLOBAL_ACCENT_COLOR_NAME = AccentColor;
				CODE_SIGN_STYLE = Automatic;
				DEVELOPMENT_TEAM = 242KS3V77L;
				INFOPLIST_FILE = StudyRecordApp/Info.plist;
				IPHONEOS_DEPLOYMENT_TARGET = 13.0;
				LD_RUNPATH_SEARCH_PATHS = (
					"$(inherited)",
					"@executable_path/Frameworks",
				);
				PRODUCT_BUNDLE_IDENTIFIER = oonishireon.StudyRecordApp;
				PRODUCT_NAME = "$(TARGET_NAME)";
				SWIFT_VERSION = 5.0;
				TARGETED_DEVICE_FAMILY = "1,2";
			};
			name = Release;
		};
/* End XCBuildConfiguration section */

/* Begin XCConfigurationList section */
		AB93C232266A234800C3AE8F /* Build configuration list for PBXProject "StudyRecordApp" */ = {
			isa = XCConfigurationList;
			buildConfigurations = (
				AB93C249266A234C00C3AE8F /* Debug */,
				AB93C24A266A234C00C3AE8F /* Release */,
			);
			defaultConfigurationIsVisible = 0;
			defaultConfigurationName = Release;
		};
		AB93C24B266A234C00C3AE8F /* Build configuration list for PBXNativeTarget "StudyRecordApp" */ = {
			isa = XCConfigurationList;
			buildConfigurations = (
				AB93C24C266A234C00C3AE8F /* Debug */,
				AB93C24D266A234C00C3AE8F /* Release */,
			);
			defaultConfigurationIsVisible = 0;
			defaultConfigurationName = Release;
		};
/* End XCConfigurationList section */
	};
	rootObject = AB93C22F266A234800C3AE8F /* Project object */;
}
