// !$*UTF8*$!
{
	archiveVersion = 1;
	classes = {
	};
	objectVersion = 54;
	objects = {

/* Begin PBXBuildFile section */
		AB13ECD626B7AEA3002F56FF /* ColorChoicesConcept.storyboard in Resources */ = {isa = PBXBuildFile; fileRef = AB13ECD526B7AEA3002F56FF /* ColorChoicesConcept.storyboard */; };
		AB13ECD826B7AF27002F56FF /* ColorChoicesTile.storyboard in Resources */ = {isa = PBXBuildFile; fileRef = AB13ECD726B7AF27002F56FF /* ColorChoicesTile.storyboard */; };
		AB13ECDA26B7AF6F002F56FF /* ColorChoicesSlider.storyboard in Resources */ = {isa = PBXBuildFile; fileRef = AB13ECD926B7AF6F002F56FF /* ColorChoicesSlider.storyboard */; };
		AB13ED1626B8F5D0002F56FF /* StudyRecordMemo.storyboard in Resources */ = {isa = PBXBuildFile; fileRef = AB13ED1526B8F5D0002F56FF /* StudyRecordMemo.storyboard */; };
		AB13ED1826B8F5EA002F56FF /* StudyRecordMemoViewController.swift in Sources */ = {isa = PBXBuildFile; fileRef = AB13ED1726B8F5EA002F56FF /* StudyRecordMemoViewController.swift */; };
		AB13ED4926BB8128002F56FF /* RealmRecordDataStore.swift in Sources */ = {isa = PBXBuildFile; fileRef = AB13ED4826BB8128002F56FF /* RealmRecordDataStore.swift */; };
		AB13ED4B26BB9155002F56FF /* RecordRepository.swift in Sources */ = {isa = PBXBuildFile; fileRef = AB13ED4A26BB9155002F56FF /* RecordRepository.swift */; };
		AB13ED4D26BB9241002F56FF /* RecordUseCase.swift in Sources */ = {isa = PBXBuildFile; fileRef = AB13ED4C26BB9241002F56FF /* RecordUseCase.swift */; };
		AB13ED7D26BE7061002F56FF /* StudyRecordHistoryTableViewCell.swift in Sources */ = {isa = PBXBuildFile; fileRef = AB13ED7B26BE7061002F56FF /* StudyRecordHistoryTableViewCell.swift */; };
		AB13ED7E26BE7061002F56FF /* StudyRecordHistoryTableViewCell.xib in Resources */ = {isa = PBXBuildFile; fileRef = AB13ED7C26BE7061002F56FF /* StudyRecordHistoryTableViewCell.xib */; };
		AB13EDAF26BFAA62002F56FF /* StudyRecordSortViewController.swift in Sources */ = {isa = PBXBuildFile; fileRef = AB13EDAE26BFAA62002F56FF /* StudyRecordSortViewController.swift */; };
		AB13EDB126BFAA7D002F56FF /* StudyRecordSort.storyboard in Resources */ = {isa = PBXBuildFile; fileRef = AB13EDB026BFAA7D002F56FF /* StudyRecordSort.storyboard */; };
		AB13EDB426BFAB8B002F56FF /* StudyRecordSortTableViewCell.swift in Sources */ = {isa = PBXBuildFile; fileRef = AB13EDB226BFAB8B002F56FF /* StudyRecordSortTableViewCell.swift */; };
		AB13EDB526BFAB8B002F56FF /* StudyRecordSortTableViewCell.xib in Resources */ = {isa = PBXBuildFile; fileRef = AB13EDB326BFAB8B002F56FF /* StudyRecordSortTableViewCell.xib */; };
		AB13EDD126C29D9E002F56FF /* StudyRecordTimeRecordViewController.swift in Sources */ = {isa = PBXBuildFile; fileRef = AB13EDD026C29D9E002F56FF /* StudyRecordTimeRecordViewController.swift */; };
		AB13EDD326C29DAF002F56FF /* StudyRecordTimeRecord.storyboard in Resources */ = {isa = PBXBuildFile; fileRef = AB13EDD226C29DAF002F56FF /* StudyRecordTimeRecord.storyboard */; };
		AB13EDDB26C3C163002F56FF /* Convert.swift in Sources */ = {isa = PBXBuildFile; fileRef = AB13EDDA26C3C163002F56FF /* Convert.swift */; };
		AB13EDE026C64EBB002F56FF /* StudyRecordCustomTableViewCell.swift in Sources */ = {isa = PBXBuildFile; fileRef = AB13EDDE26C64EBB002F56FF /* StudyRecordCustomTableViewCell.swift */; };
		AB13EDE126C64EBB002F56FF /* StudyRecordCustomTableViewCell.xib in Resources */ = {isa = PBXBuildFile; fileRef = AB13EDDF26C64EBB002F56FF /* StudyRecordCustomTableViewCell.xib */; };
		AB2B5B8326A2D0FD009BD3C7 /* UICollectionViewCell+Extension.swift in Sources */ = {isa = PBXBuildFile; fileRef = AB2B5B7E26A2D0FD009BD3C7 /* UICollectionViewCell+Extension.swift */; };
		AB2B5B8426A2D0FD009BD3C7 /* NotificationName+Extension.swift in Sources */ = {isa = PBXBuildFile; fileRef = AB2B5B7F26A2D0FD009BD3C7 /* NotificationName+Extension.swift */; };
		AB2B5B8526A2D0FD009BD3C7 /* UIColor+Extension.swift in Sources */ = {isa = PBXBuildFile; fileRef = AB2B5B8026A2D0FD009BD3C7 /* UIColor+Extension.swift */; };
		AB2B5B8626A2D0FD009BD3C7 /* NSObjectProtocol+Extension.swift in Sources */ = {isa = PBXBuildFile; fileRef = AB2B5B8126A2D0FD009BD3C7 /* NSObjectProtocol+Extension.swift */; };
		AB2B5B8726A2D0FD009BD3C7 /* UICollectionView+Extension.swift in Sources */ = {isa = PBXBuildFile; fileRef = AB2B5B8226A2D0FD009BD3C7 /* UICollectionView+Extension.swift */; };
		AB2B5B8C26A2D106009BD3C7 /* UITableViewHeaderFooterView+Extension.swift in Sources */ = {isa = PBXBuildFile; fileRef = AB2B5B8826A2D106009BD3C7 /* UITableViewHeaderFooterView+Extension.swift */; };
		AB2B5B8D26A2D106009BD3C7 /* UITableView+Extension.swift in Sources */ = {isa = PBXBuildFile; fileRef = AB2B5B8926A2D106009BD3C7 /* UITableView+Extension.swift */; };
		AB2B5B8E26A2D106009BD3C7 /* UITableViewCell+Extension.swift in Sources */ = {isa = PBXBuildFile; fileRef = AB2B5B8A26A2D106009BD3C7 /* UITableViewCell+Extension.swift */; };
		AB2B5B9526A2D19E009BD3C7 /* ColorConcept.swift in Sources */ = {isa = PBXBuildFile; fileRef = AB2B5B9226A2D19E009BD3C7 /* ColorConcept.swift */; };
		AB2B5B9626A2D19E009BD3C7 /* ThemeColor.swift in Sources */ = {isa = PBXBuildFile; fileRef = AB2B5B9326A2D19E009BD3C7 /* ThemeColor.swift */; };
		AB2B5B9E26A2D1B7009BD3C7 /* NaturalConcept.swift in Sources */ = {isa = PBXBuildFile; fileRef = AB2B5B9826A2D1B7009BD3C7 /* NaturalConcept.swift */; };
		AB2B5B9F26A2D1B7009BD3C7 /* OverseasConcept.swift in Sources */ = {isa = PBXBuildFile; fileRef = AB2B5B9A26A2D1B7009BD3C7 /* OverseasConcept.swift */; };
		AB2B5BA026A2D1B7009BD3C7 /* ServiceConcept.swift in Sources */ = {isa = PBXBuildFile; fileRef = AB2B5B9726A2D1B7009BD3C7 /* ServiceConcept.swift */; };
		AB2B5BA126A2D1B7009BD3C7 /* SeasonConcept.swift in Sources */ = {isa = PBXBuildFile; fileRef = AB2B5B9926A2D1B7009BD3C7 /* SeasonConcept.swift */; };
		AB2B5BA226A2D1B7009BD3C7 /* ElegantConcept.swift in Sources */ = {isa = PBXBuildFile; fileRef = AB2B5B9B26A2D1B7009BD3C7 /* ElegantConcept.swift */; };
		AB2B5BA326A2D1B7009BD3C7 /* JapanConcept.swift in Sources */ = {isa = PBXBuildFile; fileRef = AB2B5B9C26A2D1B7009BD3C7 /* JapanConcept.swift */; };
		AB2B5BA426A2D1B7009BD3C7 /* PopConcept.swift in Sources */ = {isa = PBXBuildFile; fileRef = AB2B5B9D26A2D1B7009BD3C7 /* PopConcept.swift */; };
		AB2B5BAA26A2D244009BD3C7 /* Setting.storyboard in Resources */ = {isa = PBXBuildFile; fileRef = AB2B5BA726A2D244009BD3C7 /* Setting.storyboard */; };
		AB2B5BAB26A2D244009BD3C7 /* ColorConcept.storyboard in Resources */ = {isa = PBXBuildFile; fileRef = AB2B5BA826A2D244009BD3C7 /* ColorConcept.storyboard */; };
		AB2B5BAC26A2D244009BD3C7 /* ThemeColor.storyboard in Resources */ = {isa = PBXBuildFile; fileRef = AB2B5BA926A2D244009BD3C7 /* ThemeColor.storyboard */; };
		AB2B5BB626A2D2C2009BD3C7 /* SectionHeaderView.xib in Resources */ = {isa = PBXBuildFile; fileRef = AB2B5BAE26A2D2C1009BD3C7 /* SectionHeaderView.xib */; };
		AB2B5BB726A2D2C2009BD3C7 /* ColorConceptTableViewCell.swift in Sources */ = {isa = PBXBuildFile; fileRef = AB2B5BAF26A2D2C1009BD3C7 /* ColorConceptTableViewCell.swift */; };
		AB2B5BB826A2D2C2009BD3C7 /* AccordionColorTableViewCell.xib in Resources */ = {isa = PBXBuildFile; fileRef = AB2B5BB026A2D2C1009BD3C7 /* AccordionColorTableViewCell.xib */; };
		AB2B5BB926A2D2C2009BD3C7 /* AccordionColorTableViewCell.swift in Sources */ = {isa = PBXBuildFile; fileRef = AB2B5BB126A2D2C2009BD3C7 /* AccordionColorTableViewCell.swift */; };
		AB2B5BBA26A2D2C2009BD3C7 /* SectionHeaderView.swift in Sources */ = {isa = PBXBuildFile; fileRef = AB2B5BB226A2D2C2009BD3C7 /* SectionHeaderView.swift */; };
		AB2B5BBB26A2D2C2009BD3C7 /* ColorConceptTableViewCell.xib in Resources */ = {isa = PBXBuildFile; fileRef = AB2B5BB326A2D2C2009BD3C7 /* ColorConceptTableViewCell.xib */; };
		AB2B5BBC26A2D2C2009BD3C7 /* AccordionTableViewCell.swift in Sources */ = {isa = PBXBuildFile; fileRef = AB2B5BB426A2D2C2009BD3C7 /* AccordionTableViewCell.swift */; };
		AB2B5BBD26A2D2C2009BD3C7 /* AccordionTableViewCell.xib in Resources */ = {isa = PBXBuildFile; fileRef = AB2B5BB526A2D2C2009BD3C7 /* AccordionTableViewCell.xib */; };
		AB2B5BC526A2D36F009BD3C7 /* ColorChoicesTileViewController.swift in Sources */ = {isa = PBXBuildFile; fileRef = AB2B5BBF26A2D36F009BD3C7 /* ColorChoicesTileViewController.swift */; };
		AB2B5BC626A2D36F009BD3C7 /* ColorChoicesSliderViewController.swift in Sources */ = {isa = PBXBuildFile; fileRef = AB2B5BC026A2D36F009BD3C7 /* ColorChoicesSliderViewController.swift */; };
		AB2B5BC726A2D36F009BD3C7 /* ColorChoicesConceptViewController.swift in Sources */ = {isa = PBXBuildFile; fileRef = AB2B5BC126A2D36F009BD3C7 /* ColorChoicesConceptViewController.swift */; };
		AB2B5BC826A2D36F009BD3C7 /* ColorConceptViewController.swift in Sources */ = {isa = PBXBuildFile; fileRef = AB2B5BC226A2D36F009BD3C7 /* ColorConceptViewController.swift */; };
		AB2B5BC926A2D36F009BD3C7 /* SettingViewController.swift in Sources */ = {isa = PBXBuildFile; fileRef = AB2B5BC326A2D36F009BD3C7 /* SettingViewController.swift */; };
		AB2B5BCA26A2D36F009BD3C7 /* ThemeColorViewController.swift in Sources */ = {isa = PBXBuildFile; fileRef = AB2B5BC426A2D36F009BD3C7 /* ThemeColorViewController.swift */; };
		AB2B5BCD26A2DC1E009BD3C7 /* Top.storyboard in Resources */ = {isa = PBXBuildFile; fileRef = AB2B5BCC26A2DC1E009BD3C7 /* Top.storyboard */; };
		AB4D6BBE2672099C00E5286E /* UIButton+Extension.swift in Sources */ = {isa = PBXBuildFile; fileRef = AB4D6BBD2672099C00E5286E /* UIButton+Extension.swift */; };
		AB93C23B266A234800C3AE8F /* AppDelegate.swift in Sources */ = {isa = PBXBuildFile; fileRef = AB93C23A266A234800C3AE8F /* AppDelegate.swift */; };
		AB93C23D266A234800C3AE8F /* SceneDelegate.swift in Sources */ = {isa = PBXBuildFile; fileRef = AB93C23C266A234800C3AE8F /* SceneDelegate.swift */; };
		AB93C244266A234C00C3AE8F /* Assets.xcassets in Resources */ = {isa = PBXBuildFile; fileRef = AB93C243266A234C00C3AE8F /* Assets.xcassets */; };
		AB93C247266A234C00C3AE8F /* LaunchScreen.storyboard in Resources */ = {isa = PBXBuildFile; fileRef = AB93C245266A234C00C3AE8F /* LaunchScreen.storyboard */; };
		AB93C24F266A271E00C3AE8F /* StudyRecordViewController.swift in Sources */ = {isa = PBXBuildFile; fileRef = AB93C24E266A271E00C3AE8F /* StudyRecordViewController.swift */; };
		AB93C251266A27B900C3AE8F /* StudyRecord.storyboard in Resources */ = {isa = PBXBuildFile; fileRef = AB93C250266A27B900C3AE8F /* StudyRecord.storyboard */; };
		AB93C258266A5A0900C3AE8F /* StudyRecordTableViewCell.swift in Sources */ = {isa = PBXBuildFile; fileRef = AB93C256266A5A0900C3AE8F /* StudyRecordTableViewCell.swift */; };
		AB93C259266A5A0900C3AE8F /* StudyRecordTableViewCell.xib in Resources */ = {isa = PBXBuildFile; fileRef = AB93C257266A5A0900C3AE8F /* StudyRecordTableViewCell.xib */; };
		AB93C266266A7DEB00C3AE8F /* AdditionalStudyRecord.storyboard in Resources */ = {isa = PBXBuildFile; fileRef = AB93C265266A7DEB00C3AE8F /* AdditionalStudyRecord.storyboard */; };
		AB93C268266A7DFF00C3AE8F /* AdditionalStudyRecordViewController.swift in Sources */ = {isa = PBXBuildFile; fileRef = AB93C267266A7DFF00C3AE8F /* AdditionalStudyRecordViewController.swift */; };
		AB93C2BD266BABA900C3AE8F /* Record.swift in Sources */ = {isa = PBXBuildFile; fileRef = AB93C2BC266BABA900C3AE8F /* Record.swift */; };
		AB93C2BF266BACE100C3AE8F /* StudyRecordSectionView.swift in Sources */ = {isa = PBXBuildFile; fileRef = AB93C2BE266BACE100C3AE8F /* StudyRecordSectionView.swift */; };
		AB93C2C1266BAD1100C3AE8F /* StudyRecordSectionView.xib in Resources */ = {isa = PBXBuildFile; fileRef = AB93C2C0266BAD1100C3AE8F /* StudyRecordSectionView.xib */; };
		AB93C2C3266BC28E00C3AE8F /* EditStudyRecordViewController.swift in Sources */ = {isa = PBXBuildFile; fileRef = AB93C2C2266BC28E00C3AE8F /* EditStudyRecordViewController.swift */; };
		AB93C2C5266BC2D600C3AE8F /* EditStudyRecord.storyboard in Resources */ = {isa = PBXBuildFile; fileRef = AB93C2C4266BC2D600C3AE8F /* EditStudyRecord.storyboard */; };
		ABA056F626B4C7D800E3DF01 /* StudyRecordGraphColorTableViewCell.swift in Sources */ = {isa = PBXBuildFile; fileRef = ABA056F426B4C7D800E3DF01 /* StudyRecordGraphColorTableViewCell.swift */; };
		ABA056F726B4C7D800E3DF01 /* StudyRecordGraphColorTableViewCell.xib in Resources */ = {isa = PBXBuildFile; fileRef = ABA056F526B4C7D800E3DF01 /* StudyRecordGraphColorTableViewCell.xib */; };
		ABA056FF26B50CC700E3DF01 /* GraphColorTileView.xib in Resources */ = {isa = PBXBuildFile; fileRef = ABA056FE26B50CC700E3DF01 /* GraphColorTileView.xib */; };
		ABA0570126B50D1900E3DF01 /* GraphColorTileView.swift in Sources */ = {isa = PBXBuildFile; fileRef = ABA0570026B50D1900E3DF01 /* GraphColorTileView.swift */; };
		ABA0570326B50F7100E3DF01 /* StudyRecordGraphColor.storyboard in Resources */ = {isa = PBXBuildFile; fileRef = ABA0570226B50F7100E3DF01 /* StudyRecordGraphColor.storyboard */; };
		ABA0570526B50F8100E3DF01 /* StudyRecordGraphColorViewController.swift in Sources */ = {isa = PBXBuildFile; fileRef = ABA0570426B50F8100E3DF01 /* StudyRecordGraphColorViewController.swift */; };
		D14EABCB62E5596481983E6D /* Pods_StudyRecordApp.framework in Frameworks */ = {isa = PBXBuildFile; fileRef = B7ADEAD2199951B48FEFB0D8 /* Pods_StudyRecordApp.framework */; };
/* End PBXBuildFile section */

/* Begin PBXFileReference section */
		AB13ECD526B7AEA3002F56FF /* ColorChoicesConcept.storyboard */ = {isa = PBXFileReference; lastKnownFileType = file.storyboard; path = ColorChoicesConcept.storyboard; sourceTree = "<group>"; };
		AB13ECD726B7AF27002F56FF /* ColorChoicesTile.storyboard */ = {isa = PBXFileReference; lastKnownFileType = file.storyboard; path = ColorChoicesTile.storyboard; sourceTree = "<group>"; };
		AB13ECD926B7AF6F002F56FF /* ColorChoicesSlider.storyboard */ = {isa = PBXFileReference; lastKnownFileType = file.storyboard; path = ColorChoicesSlider.storyboard; sourceTree = "<group>"; };
		AB13ED1526B8F5D0002F56FF /* StudyRecordMemo.storyboard */ = {isa = PBXFileReference; lastKnownFileType = file.storyboard; path = StudyRecordMemo.storyboard; sourceTree = "<group>"; };
		AB13ED1726B8F5EA002F56FF /* StudyRecordMemoViewController.swift */ = {isa = PBXFileReference; lastKnownFileType = sourcecode.swift; path = StudyRecordMemoViewController.swift; sourceTree = "<group>"; };
		AB13ED4826BB8128002F56FF /* RealmRecordDataStore.swift */ = {isa = PBXFileReference; lastKnownFileType = sourcecode.swift; path = RealmRecordDataStore.swift; sourceTree = "<group>"; };
		AB13ED4A26BB9155002F56FF /* RecordRepository.swift */ = {isa = PBXFileReference; lastKnownFileType = sourcecode.swift; path = RecordRepository.swift; sourceTree = "<group>"; };
		AB13ED4C26BB9241002F56FF /* RecordUseCase.swift */ = {isa = PBXFileReference; lastKnownFileType = sourcecode.swift; path = RecordUseCase.swift; sourceTree = "<group>"; };
		AB13ED7B26BE7061002F56FF /* StudyRecordHistoryTableViewCell.swift */ = {isa = PBXFileReference; lastKnownFileType = sourcecode.swift; path = StudyRecordHistoryTableViewCell.swift; sourceTree = "<group>"; };
		AB13ED7C26BE7061002F56FF /* StudyRecordHistoryTableViewCell.xib */ = {isa = PBXFileReference; lastKnownFileType = file.xib; path = StudyRecordHistoryTableViewCell.xib; sourceTree = "<group>"; };
		AB13EDAE26BFAA62002F56FF /* StudyRecordSortViewController.swift */ = {isa = PBXFileReference; lastKnownFileType = sourcecode.swift; path = StudyRecordSortViewController.swift; sourceTree = "<group>"; };
		AB13EDB026BFAA7D002F56FF /* StudyRecordSort.storyboard */ = {isa = PBXFileReference; lastKnownFileType = file.storyboard; path = StudyRecordSort.storyboard; sourceTree = "<group>"; };
		AB13EDB226BFAB8B002F56FF /* StudyRecordSortTableViewCell.swift */ = {isa = PBXFileReference; lastKnownFileType = sourcecode.swift; path = StudyRecordSortTableViewCell.swift; sourceTree = "<group>"; };
		AB13EDB326BFAB8B002F56FF /* StudyRecordSortTableViewCell.xib */ = {isa = PBXFileReference; lastKnownFileType = file.xib; path = StudyRecordSortTableViewCell.xib; sourceTree = "<group>"; };
		AB13EDD026C29D9E002F56FF /* StudyRecordTimeRecordViewController.swift */ = {isa = PBXFileReference; lastKnownFileType = sourcecode.swift; path = StudyRecordTimeRecordViewController.swift; sourceTree = "<group>"; };
		AB13EDD226C29DAF002F56FF /* StudyRecordTimeRecord.storyboard */ = {isa = PBXFileReference; lastKnownFileType = file.storyboard; path = StudyRecordTimeRecord.storyboard; sourceTree = "<group>"; };
		AB13EDDA26C3C163002F56FF /* Convert.swift */ = {isa = PBXFileReference; fileEncoding = 4; lastKnownFileType = sourcecode.swift; path = Convert.swift; sourceTree = "<group>"; };
		AB13EDDE26C64EBB002F56FF /* StudyRecordCustomTableViewCell.swift */ = {isa = PBXFileReference; lastKnownFileType = sourcecode.swift; path = StudyRecordCustomTableViewCell.swift; sourceTree = "<group>"; };
		AB13EDDF26C64EBB002F56FF /* StudyRecordCustomTableViewCell.xib */ = {isa = PBXFileReference; lastKnownFileType = file.xib; path = StudyRecordCustomTableViewCell.xib; sourceTree = "<group>"; };
		AB2B5B7E26A2D0FD009BD3C7 /* UICollectionViewCell+Extension.swift */ = {isa = PBXFileReference; fileEncoding = 4; lastKnownFileType = sourcecode.swift; path = "UICollectionViewCell+Extension.swift"; sourceTree = "<group>"; };
		AB2B5B7F26A2D0FD009BD3C7 /* NotificationName+Extension.swift */ = {isa = PBXFileReference; fileEncoding = 4; lastKnownFileType = sourcecode.swift; path = "NotificationName+Extension.swift"; sourceTree = "<group>"; };
		AB2B5B8026A2D0FD009BD3C7 /* UIColor+Extension.swift */ = {isa = PBXFileReference; fileEncoding = 4; lastKnownFileType = sourcecode.swift; path = "UIColor+Extension.swift"; sourceTree = "<group>"; };
		AB2B5B8126A2D0FD009BD3C7 /* NSObjectProtocol+Extension.swift */ = {isa = PBXFileReference; fileEncoding = 4; lastKnownFileType = sourcecode.swift; path = "NSObjectProtocol+Extension.swift"; sourceTree = "<group>"; };
		AB2B5B8226A2D0FD009BD3C7 /* UICollectionView+Extension.swift */ = {isa = PBXFileReference; fileEncoding = 4; lastKnownFileType = sourcecode.swift; path = "UICollectionView+Extension.swift"; sourceTree = "<group>"; };
		AB2B5B8826A2D106009BD3C7 /* UITableViewHeaderFooterView+Extension.swift */ = {isa = PBXFileReference; fileEncoding = 4; lastKnownFileType = sourcecode.swift; path = "UITableViewHeaderFooterView+Extension.swift"; sourceTree = "<group>"; };
		AB2B5B8926A2D106009BD3C7 /* UITableView+Extension.swift */ = {isa = PBXFileReference; fileEncoding = 4; lastKnownFileType = sourcecode.swift; path = "UITableView+Extension.swift"; sourceTree = "<group>"; };
		AB2B5B8A26A2D106009BD3C7 /* UITableViewCell+Extension.swift */ = {isa = PBXFileReference; fileEncoding = 4; lastKnownFileType = sourcecode.swift; path = "UITableViewCell+Extension.swift"; sourceTree = "<group>"; };
		AB2B5B9226A2D19E009BD3C7 /* ColorConcept.swift */ = {isa = PBXFileReference; fileEncoding = 4; lastKnownFileType = sourcecode.swift; path = ColorConcept.swift; sourceTree = "<group>"; };
		AB2B5B9326A2D19E009BD3C7 /* ThemeColor.swift */ = {isa = PBXFileReference; fileEncoding = 4; lastKnownFileType = sourcecode.swift; path = ThemeColor.swift; sourceTree = "<group>"; };
		AB2B5B9726A2D1B7009BD3C7 /* ServiceConcept.swift */ = {isa = PBXFileReference; lastKnownFileType = sourcecode.swift; path = ServiceConcept.swift; sourceTree = "<group>"; };
		AB2B5B9826A2D1B7009BD3C7 /* NaturalConcept.swift */ = {isa = PBXFileReference; lastKnownFileType = sourcecode.swift; path = NaturalConcept.swift; sourceTree = "<group>"; };
		AB2B5B9926A2D1B7009BD3C7 /* SeasonConcept.swift */ = {isa = PBXFileReference; lastKnownFileType = sourcecode.swift; path = SeasonConcept.swift; sourceTree = "<group>"; };
		AB2B5B9A26A2D1B7009BD3C7 /* OverseasConcept.swift */ = {isa = PBXFileReference; lastKnownFileType = sourcecode.swift; path = OverseasConcept.swift; sourceTree = "<group>"; };
		AB2B5B9B26A2D1B7009BD3C7 /* ElegantConcept.swift */ = {isa = PBXFileReference; lastKnownFileType = sourcecode.swift; path = ElegantConcept.swift; sourceTree = "<group>"; };
		AB2B5B9C26A2D1B7009BD3C7 /* JapanConcept.swift */ = {isa = PBXFileReference; lastKnownFileType = sourcecode.swift; path = JapanConcept.swift; sourceTree = "<group>"; };
		AB2B5B9D26A2D1B7009BD3C7 /* PopConcept.swift */ = {isa = PBXFileReference; lastKnownFileType = sourcecode.swift; path = PopConcept.swift; sourceTree = "<group>"; };
		AB2B5BA726A2D244009BD3C7 /* Setting.storyboard */ = {isa = PBXFileReference; fileEncoding = 4; lastKnownFileType = file.storyboard; path = Setting.storyboard; sourceTree = "<group>"; };
		AB2B5BA826A2D244009BD3C7 /* ColorConcept.storyboard */ = {isa = PBXFileReference; fileEncoding = 4; lastKnownFileType = file.storyboard; path = ColorConcept.storyboard; sourceTree = "<group>"; };
		AB2B5BA926A2D244009BD3C7 /* ThemeColor.storyboard */ = {isa = PBXFileReference; fileEncoding = 4; lastKnownFileType = file.storyboard; path = ThemeColor.storyboard; sourceTree = "<group>"; };
		AB2B5BAE26A2D2C1009BD3C7 /* SectionHeaderView.xib */ = {isa = PBXFileReference; fileEncoding = 4; lastKnownFileType = file.xib; path = SectionHeaderView.xib; sourceTree = "<group>"; };
		AB2B5BAF26A2D2C1009BD3C7 /* ColorConceptTableViewCell.swift */ = {isa = PBXFileReference; fileEncoding = 4; lastKnownFileType = sourcecode.swift; path = ColorConceptTableViewCell.swift; sourceTree = "<group>"; };
		AB2B5BB026A2D2C1009BD3C7 /* AccordionColorTableViewCell.xib */ = {isa = PBXFileReference; fileEncoding = 4; lastKnownFileType = file.xib; path = AccordionColorTableViewCell.xib; sourceTree = "<group>"; };
		AB2B5BB126A2D2C2009BD3C7 /* AccordionColorTableViewCell.swift */ = {isa = PBXFileReference; fileEncoding = 4; lastKnownFileType = sourcecode.swift; path = AccordionColorTableViewCell.swift; sourceTree = "<group>"; };
		AB2B5BB226A2D2C2009BD3C7 /* SectionHeaderView.swift */ = {isa = PBXFileReference; fileEncoding = 4; lastKnownFileType = sourcecode.swift; path = SectionHeaderView.swift; sourceTree = "<group>"; };
		AB2B5BB326A2D2C2009BD3C7 /* ColorConceptTableViewCell.xib */ = {isa = PBXFileReference; fileEncoding = 4; lastKnownFileType = file.xib; path = ColorConceptTableViewCell.xib; sourceTree = "<group>"; };
		AB2B5BB426A2D2C2009BD3C7 /* AccordionTableViewCell.swift */ = {isa = PBXFileReference; fileEncoding = 4; lastKnownFileType = sourcecode.swift; path = AccordionTableViewCell.swift; sourceTree = "<group>"; };
		AB2B5BB526A2D2C2009BD3C7 /* AccordionTableViewCell.xib */ = {isa = PBXFileReference; fileEncoding = 4; lastKnownFileType = file.xib; path = AccordionTableViewCell.xib; sourceTree = "<group>"; };
		AB2B5BBF26A2D36F009BD3C7 /* ColorChoicesTileViewController.swift */ = {isa = PBXFileReference; fileEncoding = 4; lastKnownFileType = sourcecode.swift; path = ColorChoicesTileViewController.swift; sourceTree = "<group>"; };
		AB2B5BC026A2D36F009BD3C7 /* ColorChoicesSliderViewController.swift */ = {isa = PBXFileReference; fileEncoding = 4; lastKnownFileType = sourcecode.swift; path = ColorChoicesSliderViewController.swift; sourceTree = "<group>"; };
		AB2B5BC126A2D36F009BD3C7 /* ColorChoicesConceptViewController.swift */ = {isa = PBXFileReference; fileEncoding = 4; lastKnownFileType = sourcecode.swift; path = ColorChoicesConceptViewController.swift; sourceTree = "<group>"; };
		AB2B5BC226A2D36F009BD3C7 /* ColorConceptViewController.swift */ = {isa = PBXFileReference; fileEncoding = 4; lastKnownFileType = sourcecode.swift; path = ColorConceptViewController.swift; sourceTree = "<group>"; };
		AB2B5BC326A2D36F009BD3C7 /* SettingViewController.swift */ = {isa = PBXFileReference; fileEncoding = 4; lastKnownFileType = sourcecode.swift; path = SettingViewController.swift; sourceTree = "<group>"; };
		AB2B5BC426A2D36F009BD3C7 /* ThemeColorViewController.swift */ = {isa = PBXFileReference; fileEncoding = 4; lastKnownFileType = sourcecode.swift; path = ThemeColorViewController.swift; sourceTree = "<group>"; };
		AB2B5BCC26A2DC1E009BD3C7 /* Top.storyboard */ = {isa = PBXFileReference; lastKnownFileType = file.storyboard; path = Top.storyboard; sourceTree = "<group>"; };
		AB4D6BBD2672099C00E5286E /* UIButton+Extension.swift */ = {isa = PBXFileReference; lastKnownFileType = sourcecode.swift; path = "UIButton+Extension.swift"; sourceTree = "<group>"; };
		AB93C237266A234800C3AE8F /* StudyRecordApp.app */ = {isa = PBXFileReference; explicitFileType = wrapper.application; includeInIndex = 0; path = StudyRecordApp.app; sourceTree = BUILT_PRODUCTS_DIR; };
		AB93C23A266A234800C3AE8F /* AppDelegate.swift */ = {isa = PBXFileReference; lastKnownFileType = sourcecode.swift; path = AppDelegate.swift; sourceTree = "<group>"; };
		AB93C23C266A234800C3AE8F /* SceneDelegate.swift */ = {isa = PBXFileReference; lastKnownFileType = sourcecode.swift; path = SceneDelegate.swift; sourceTree = "<group>"; };
		AB93C243266A234C00C3AE8F /* Assets.xcassets */ = {isa = PBXFileReference; lastKnownFileType = folder.assetcatalog; path = Assets.xcassets; sourceTree = "<group>"; };
		AB93C246266A234C00C3AE8F /* Base */ = {isa = PBXFileReference; lastKnownFileType = file.storyboard; name = Base; path = Base.lproj/LaunchScreen.storyboard; sourceTree = "<group>"; };
		AB93C248266A234C00C3AE8F /* Info.plist */ = {isa = PBXFileReference; lastKnownFileType = text.plist.xml; path = Info.plist; sourceTree = "<group>"; };
		AB93C24E266A271E00C3AE8F /* StudyRecordViewController.swift */ = {isa = PBXFileReference; lastKnownFileType = sourcecode.swift; path = StudyRecordViewController.swift; sourceTree = "<group>"; };
		AB93C250266A27B900C3AE8F /* StudyRecord.storyboard */ = {isa = PBXFileReference; lastKnownFileType = file.storyboard; path = StudyRecord.storyboard; sourceTree = "<group>"; };
		AB93C256266A5A0900C3AE8F /* StudyRecordTableViewCell.swift */ = {isa = PBXFileReference; lastKnownFileType = sourcecode.swift; path = StudyRecordTableViewCell.swift; sourceTree = "<group>"; };
		AB93C257266A5A0900C3AE8F /* StudyRecordTableViewCell.xib */ = {isa = PBXFileReference; lastKnownFileType = file.xib; path = StudyRecordTableViewCell.xib; sourceTree = "<group>"; };
		AB93C265266A7DEB00C3AE8F /* AdditionalStudyRecord.storyboard */ = {isa = PBXFileReference; lastKnownFileType = file.storyboard; path = AdditionalStudyRecord.storyboard; sourceTree = "<group>"; };
		AB93C267266A7DFF00C3AE8F /* AdditionalStudyRecordViewController.swift */ = {isa = PBXFileReference; lastKnownFileType = sourcecode.swift; path = AdditionalStudyRecordViewController.swift; sourceTree = "<group>"; };
		AB93C2BC266BABA900C3AE8F /* Record.swift */ = {isa = PBXFileReference; lastKnownFileType = sourcecode.swift; path = Record.swift; sourceTree = "<group>"; };
		AB93C2BE266BACE100C3AE8F /* StudyRecordSectionView.swift */ = {isa = PBXFileReference; lastKnownFileType = sourcecode.swift; path = StudyRecordSectionView.swift; sourceTree = "<group>"; };
		AB93C2C0266BAD1100C3AE8F /* StudyRecordSectionView.xib */ = {isa = PBXFileReference; lastKnownFileType = file.xib; path = StudyRecordSectionView.xib; sourceTree = "<group>"; };
		AB93C2C2266BC28E00C3AE8F /* EditStudyRecordViewController.swift */ = {isa = PBXFileReference; lastKnownFileType = sourcecode.swift; path = EditStudyRecordViewController.swift; sourceTree = "<group>"; };
		AB93C2C4266BC2D600C3AE8F /* EditStudyRecord.storyboard */ = {isa = PBXFileReference; lastKnownFileType = file.storyboard; path = EditStudyRecord.storyboard; sourceTree = "<group>"; };
		ABA056F426B4C7D800E3DF01 /* StudyRecordGraphColorTableViewCell.swift */ = {isa = PBXFileReference; lastKnownFileType = sourcecode.swift; path = StudyRecordGraphColorTableViewCell.swift; sourceTree = "<group>"; };
		ABA056F526B4C7D800E3DF01 /* StudyRecordGraphColorTableViewCell.xib */ = {isa = PBXFileReference; lastKnownFileType = file.xib; path = StudyRecordGraphColorTableViewCell.xib; sourceTree = "<group>"; };
		ABA056FE26B50CC700E3DF01 /* GraphColorTileView.xib */ = {isa = PBXFileReference; lastKnownFileType = file.xib; path = GraphColorTileView.xib; sourceTree = "<group>"; };
		ABA0570026B50D1900E3DF01 /* GraphColorTileView.swift */ = {isa = PBXFileReference; lastKnownFileType = sourcecode.swift; path = GraphColorTileView.swift; sourceTree = "<group>"; };
		ABA0570226B50F7100E3DF01 /* StudyRecordGraphColor.storyboard */ = {isa = PBXFileReference; lastKnownFileType = file.storyboard; path = StudyRecordGraphColor.storyboard; sourceTree = "<group>"; };
		ABA0570426B50F8100E3DF01 /* StudyRecordGraphColorViewController.swift */ = {isa = PBXFileReference; lastKnownFileType = sourcecode.swift; path = StudyRecordGraphColorViewController.swift; sourceTree = "<group>"; };
		B7ADEAD2199951B48FEFB0D8 /* Pods_StudyRecordApp.framework */ = {isa = PBXFileReference; explicitFileType = wrapper.framework; includeInIndex = 0; path = Pods_StudyRecordApp.framework; sourceTree = BUILT_PRODUCTS_DIR; };
		F080AD4E0F25E92F286ED79A /* Pods-StudyRecordApp.debug.xcconfig */ = {isa = PBXFileReference; includeInIndex = 1; lastKnownFileType = text.xcconfig; name = "Pods-StudyRecordApp.debug.xcconfig"; path = "Target Support Files/Pods-StudyRecordApp/Pods-StudyRecordApp.debug.xcconfig"; sourceTree = "<group>"; };
		F4A1350DA353A8FEAF4BEEB3 /* Pods-StudyRecordApp.release.xcconfig */ = {isa = PBXFileReference; includeInIndex = 1; lastKnownFileType = text.xcconfig; name = "Pods-StudyRecordApp.release.xcconfig"; path = "Target Support Files/Pods-StudyRecordApp/Pods-StudyRecordApp.release.xcconfig"; sourceTree = "<group>"; };
/* End PBXFileReference section */

/* Begin PBXFrameworksBuildPhase section */
		AB93C234266A234800C3AE8F /* Frameworks */ = {
			isa = PBXFrameworksBuildPhase;
			buildActionMask = 2147483647;
			files = (
				D14EABCB62E5596481983E6D /* Pods_StudyRecordApp.framework in Frameworks */,
			);
			runOnlyForDeploymentPostprocessing = 0;
		};
/* End PBXFrameworksBuildPhase section */

/* Begin PBXGroup section */
		635B9A72C0918FAFFC219E8A /* Frameworks */ = {
			isa = PBXGroup;
			children = (
				B7ADEAD2199951B48FEFB0D8 /* Pods_StudyRecordApp.framework */,
			);
			name = Frameworks;
			sourceTree = "<group>";
		};
		6ED773C562BE78F875EC7183 /* Pods */ = {
			isa = PBXGroup;
			children = (
				F080AD4E0F25E92F286ED79A /* Pods-StudyRecordApp.debug.xcconfig */,
				F4A1350DA353A8FEAF4BEEB3 /* Pods-StudyRecordApp.release.xcconfig */,
			);
			path = Pods;
			sourceTree = "<group>";
		};
		AB13ECD126B601F8002F56FF /* Xibs */ = {
			isa = PBXGroup;
			children = (
				ABA056FE26B50CC700E3DF01 /* GraphColorTileView.xib */,
				ABA0570026B50D1900E3DF01 /* GraphColorTileView.swift */,
			);
			path = Xibs;
			sourceTree = "<group>";
		};
		AB13ED4226BB7F9D002F56FF /* StudyRecord */ = {
			isa = PBXGroup;
			children = (
				AB13ED4326BB7FF1002F56FF /* Entities */,
				AB13ED4426BB8008002F56FF /* DataStores */,
				AB13ED4626BB8014002F56FF /* Repositories */,
				AB13ED4726BB801B002F56FF /* UseCases */,
			);
			path = StudyRecord;
			sourceTree = "<group>";
		};
		AB13ED4326BB7FF1002F56FF /* Entities */ = {
			isa = PBXGroup;
			children = (
				AB93C2BC266BABA900C3AE8F /* Record.swift */,
			);
			path = Entities;
			sourceTree = "<group>";
		};
		AB13ED4426BB8008002F56FF /* DataStores */ = {
			isa = PBXGroup;
			children = (
				AB13ED4826BB8128002F56FF /* RealmRecordDataStore.swift */,
			);
			path = DataStores;
			sourceTree = "<group>";
		};
		AB13ED4626BB8014002F56FF /* Repositories */ = {
			isa = PBXGroup;
			children = (
				AB13ED4A26BB9155002F56FF /* RecordRepository.swift */,
			);
			path = Repositories;
			sourceTree = "<group>";
		};
		AB13ED4726BB801B002F56FF /* UseCases */ = {
			isa = PBXGroup;
			children = (
				AB13ED4C26BB9241002F56FF /* RecordUseCase.swift */,
			);
			path = UseCases;
			sourceTree = "<group>";
		};
		AB2B5B9026A2D13C009BD3C7 /* UIKit+Extension */ = {
			isa = PBXGroup;
			children = (
				AB2B5B8026A2D0FD009BD3C7 /* UIColor+Extension.swift */,
				AB4D6BBD2672099C00E5286E /* UIButton+Extension.swift */,
				AB2B5B8926A2D106009BD3C7 /* UITableView+Extension.swift */,
				AB2B5B8A26A2D106009BD3C7 /* UITableViewCell+Extension.swift */,
				AB2B5B8826A2D106009BD3C7 /* UITableViewHeaderFooterView+Extension.swift */,
				AB2B5B8226A2D0FD009BD3C7 /* UICollectionView+Extension.swift */,
				AB2B5B7E26A2D0FD009BD3C7 /* UICollectionViewCell+Extension.swift */,
			);
			path = "UIKit+Extension";
			sourceTree = "<group>";
		};
		AB2B5BA526A2D1C1009BD3C7 /* SubConcepts */ = {
			isa = PBXGroup;
			children = (
				AB2B5B9B26A2D1B7009BD3C7 /* ElegantConcept.swift */,
				AB2B5B9C26A2D1B7009BD3C7 /* JapanConcept.swift */,
				AB2B5B9826A2D1B7009BD3C7 /* NaturalConcept.swift */,
				AB2B5B9A26A2D1B7009BD3C7 /* OverseasConcept.swift */,
				AB2B5B9D26A2D1B7009BD3C7 /* PopConcept.swift */,
				AB2B5B9926A2D1B7009BD3C7 /* SeasonConcept.swift */,
				AB2B5B9726A2D1B7009BD3C7 /* ServiceConcept.swift */,
			);
			path = SubConcepts;
			sourceTree = "<group>";
		};
		AB2B5BA626A2D232009BD3C7 /* Setting */ = {
			isa = PBXGroup;
			children = (
				AB2B5BA726A2D244009BD3C7 /* Setting.storyboard */,
				AB2B5BA826A2D244009BD3C7 /* ColorConcept.storyboard */,
				AB2B5BA926A2D244009BD3C7 /* ThemeColor.storyboard */,
				AB13ECD526B7AEA3002F56FF /* ColorChoicesConcept.storyboard */,
				AB13ECD726B7AF27002F56FF /* ColorChoicesTile.storyboard */,
				AB13ECD926B7AF6F002F56FF /* ColorChoicesSlider.storyboard */,
			);
			path = Setting;
			sourceTree = "<group>";
		};
		AB2B5BAD26A2D2A8009BD3C7 /* Setting */ = {
			isa = PBXGroup;
			children = (
				AB2B5BB226A2D2C2009BD3C7 /* SectionHeaderView.swift */,
				AB2B5BAE26A2D2C1009BD3C7 /* SectionHeaderView.xib */,
				AB2B5BB426A2D2C2009BD3C7 /* AccordionTableViewCell.swift */,
				AB2B5BB526A2D2C2009BD3C7 /* AccordionTableViewCell.xib */,
				AB2B5BB126A2D2C2009BD3C7 /* AccordionColorTableViewCell.swift */,
				AB2B5BB026A2D2C1009BD3C7 /* AccordionColorTableViewCell.xib */,
				AB2B5BAF26A2D2C1009BD3C7 /* ColorConceptTableViewCell.swift */,
				AB2B5BB326A2D2C2009BD3C7 /* ColorConceptTableViewCell.xib */,
			);
			path = Setting;
			sourceTree = "<group>";
		};
		AB2B5BBE26A2D352009BD3C7 /* Setting */ = {
			isa = PBXGroup;
			children = (
				AB2B5BC326A2D36F009BD3C7 /* SettingViewController.swift */,
				AB2B5BC426A2D36F009BD3C7 /* ThemeColorViewController.swift */,
				AB2B5BC226A2D36F009BD3C7 /* ColorConceptViewController.swift */,
				AB2B5BC126A2D36F009BD3C7 /* ColorChoicesConceptViewController.swift */,
				AB2B5BBF26A2D36F009BD3C7 /* ColorChoicesTileViewController.swift */,
				AB2B5BC026A2D36F009BD3C7 /* ColorChoicesSliderViewController.swift */,
			);
			path = Setting;
			sourceTree = "<group>";
		};
		AB2B5BCB26A2DC11009BD3C7 /* Top */ = {
			isa = PBXGroup;
			children = (
				AB2B5BCC26A2DC1E009BD3C7 /* Top.storyboard */,
			);
			path = Top;
			sourceTree = "<group>";
		};
		AB93C22E266A234800C3AE8F = {
			isa = PBXGroup;
			children = (
				AB93C239266A234800C3AE8F /* StudyRecordApp */,
				AB93C238266A234800C3AE8F /* Products */,
				6ED773C562BE78F875EC7183 /* Pods */,
				635B9A72C0918FAFFC219E8A /* Frameworks */,
			);
			sourceTree = "<group>";
		};
		AB93C238266A234800C3AE8F /* Products */ = {
			isa = PBXGroup;
			children = (
				AB93C237266A234800C3AE8F /* StudyRecordApp.app */,
			);
			name = Products;
			sourceTree = "<group>";
		};
		AB93C239266A234800C3AE8F /* StudyRecordApp */ = {
			isa = PBXGroup;
			children = (
				AB93C25A266A5A0D00C3AE8F /* Models */,
				AB93C25B266A5A2800C3AE8F /* Views */,
				AB93C25C266A5A2C00C3AE8F /* Controllers */,
				AB93C2CB266C84CA00C3AE8F /* Extensions */,
				AB93C23A266A234800C3AE8F /* AppDelegate.swift */,
				AB93C23C266A234800C3AE8F /* SceneDelegate.swift */,
				AB93C243266A234C00C3AE8F /* Assets.xcassets */,
				AB93C245266A234C00C3AE8F /* LaunchScreen.storyboard */,
				AB93C248266A234C00C3AE8F /* Info.plist */,
			);
			path = StudyRecordApp;
			sourceTree = "<group>";
		};
		AB93C25A266A5A0D00C3AE8F /* Models */ = {
			isa = PBXGroup;
			children = (
				AB13ED4226BB7F9D002F56FF /* StudyRecord */,
				AB13EDDA26C3C163002F56FF /* Convert.swift */,
				AB2B5B9326A2D19E009BD3C7 /* ThemeColor.swift */,
				AB2B5B9226A2D19E009BD3C7 /* ColorConcept.swift */,
				AB2B5BA526A2D1C1009BD3C7 /* SubConcepts */,
			);
			path = Models;
			sourceTree = "<group>";
		};
		AB93C25B266A5A2800C3AE8F /* Views */ = {
			isa = PBXGroup;
			children = (
				AB93C25D266A5A5E00C3AE8F /* Storyboards */,
				AB13ECD126B601F8002F56FF /* Xibs */,
				AB93C25E266A5A6600C3AE8F /* Cells */,
			);
			path = Views;
			sourceTree = "<group>";
		};
		AB93C25C266A5A2C00C3AE8F /* Controllers */ = {
			isa = PBXGroup;
			children = (
				AB93C2C6266BC4B000C3AE8F /* StudyRecord */,
				AB2B5BBE26A2D352009BD3C7 /* Setting */,
			);
			path = Controllers;
			sourceTree = "<group>";
		};
		AB93C25D266A5A5E00C3AE8F /* Storyboards */ = {
			isa = PBXGroup;
			children = (
				AB2B5BCB26A2DC11009BD3C7 /* Top */,
				AB93C2C7266BC4F000C3AE8F /* StudyRecord */,
				AB2B5BA626A2D232009BD3C7 /* Setting */,
			);
			path = Storyboards;
			sourceTree = "<group>";
		};
		AB93C25E266A5A6600C3AE8F /* Cells */ = {
			isa = PBXGroup;
			children = (
				AB93C2C8266BC50600C3AE8F /* StudyRecord */,
				AB2B5BAD26A2D2A8009BD3C7 /* Setting */,
			);
			path = Cells;
			sourceTree = "<group>";
		};
		AB93C2C6266BC4B000C3AE8F /* StudyRecord */ = {
			isa = PBXGroup;
			children = (
				AB93C24E266A271E00C3AE8F /* StudyRecordViewController.swift */,
				AB93C267266A7DFF00C3AE8F /* AdditionalStudyRecordViewController.swift */,
				AB93C2C2266BC28E00C3AE8F /* EditStudyRecordViewController.swift */,
				ABA0570426B50F8100E3DF01 /* StudyRecordGraphColorViewController.swift */,
				AB13ED1726B8F5EA002F56FF /* StudyRecordMemoViewController.swift */,
				AB13EDD026C29D9E002F56FF /* StudyRecordTimeRecordViewController.swift */,
				AB13EDAE26BFAA62002F56FF /* StudyRecordSortViewController.swift */,
			);
			path = StudyRecord;
			sourceTree = "<group>";
		};
		AB93C2C7266BC4F000C3AE8F /* StudyRecord */ = {
			isa = PBXGroup;
			children = (
				AB93C250266A27B900C3AE8F /* StudyRecord.storyboard */,
				AB93C265266A7DEB00C3AE8F /* AdditionalStudyRecord.storyboard */,
				AB93C2C4266BC2D600C3AE8F /* EditStudyRecord.storyboard */,
				ABA0570226B50F7100E3DF01 /* StudyRecordGraphColor.storyboard */,
				AB13ED1526B8F5D0002F56FF /* StudyRecordMemo.storyboard */,
				AB13EDD226C29DAF002F56FF /* StudyRecordTimeRecord.storyboard */,
				AB13EDB026BFAA7D002F56FF /* StudyRecordSort.storyboard */,
			);
			path = StudyRecord;
			sourceTree = "<group>";
		};
		AB93C2C8266BC50600C3AE8F /* StudyRecord */ = {
			isa = PBXGroup;
			children = (
				AB93C256266A5A0900C3AE8F /* StudyRecordTableViewCell.swift */,
				AB93C257266A5A0900C3AE8F /* StudyRecordTableViewCell.xib */,
				AB93C2BE266BACE100C3AE8F /* StudyRecordSectionView.swift */,
				AB93C2C0266BAD1100C3AE8F /* StudyRecordSectionView.xib */,
				AB13EDDE26C64EBB002F56FF /* StudyRecordCustomTableViewCell.swift */,
				AB13EDDF26C64EBB002F56FF /* StudyRecordCustomTableViewCell.xib */,
				ABA056F426B4C7D800E3DF01 /* StudyRecordGraphColorTableViewCell.swift */,
				ABA056F526B4C7D800E3DF01 /* StudyRecordGraphColorTableViewCell.xib */,
				AB13ED7B26BE7061002F56FF /* StudyRecordHistoryTableViewCell.swift */,
				AB13ED7C26BE7061002F56FF /* StudyRecordHistoryTableViewCell.xib */,
				AB13EDB226BFAB8B002F56FF /* StudyRecordSortTableViewCell.swift */,
				AB13EDB326BFAB8B002F56FF /* StudyRecordSortTableViewCell.xib */,
			);
			path = StudyRecord;
			sourceTree = "<group>";
		};
		AB93C2CB266C84CA00C3AE8F /* Extensions */ = {
			isa = PBXGroup;
			children = (
				AB2B5B9026A2D13C009BD3C7 /* UIKit+Extension */,
				AB2B5B7F26A2D0FD009BD3C7 /* NotificationName+Extension.swift */,
				AB2B5B8126A2D0FD009BD3C7 /* NSObjectProtocol+Extension.swift */,
			);
			path = Extensions;
			sourceTree = "<group>";
		};
/* End PBXGroup section */

/* Begin PBXNativeTarget section */
		AB93C236266A234800C3AE8F /* StudyRecordApp */ = {
			isa = PBXNativeTarget;
			buildConfigurationList = AB93C24B266A234C00C3AE8F /* Build configuration list for PBXNativeTarget "StudyRecordApp" */;
			buildPhases = (
				7616A704FDEEDB2CAF614F89 /* [CP] Check Pods Manifest.lock */,
				AB93C233266A234800C3AE8F /* Sources */,
				AB93C234266A234800C3AE8F /* Frameworks */,
				AB93C235266A234800C3AE8F /* Resources */,
				BD252AE23EFE1E4B85C48A76 /* [CP] Embed Pods Frameworks */,
			);
			buildRules = (
			);
			dependencies = (
			);
			name = StudyRecordApp;
			productName = StudyRecordApp;
			productReference = AB93C237266A234800C3AE8F /* StudyRecordApp.app */;
			productType = "com.apple.product-type.application";
		};
/* End PBXNativeTarget section */

/* Begin PBXProject section */
		AB93C22F266A234800C3AE8F /* Project object */ = {
			isa = PBXProject;
			attributes = {
				LastSwiftUpdateCheck = 1250;
				LastUpgradeCheck = 1250;
				TargetAttributes = {
					AB93C236266A234800C3AE8F = {
						CreatedOnToolsVersion = 12.5;
					};
				};
			};
			buildConfigurationList = AB93C232266A234800C3AE8F /* Build configuration list for PBXProject "StudyRecordApp" */;
			compatibilityVersion = "Xcode 12.0";
			developmentRegion = en;
			hasScannedForEncodings = 0;
			knownRegions = (
				en,
				Base,
			);
			mainGroup = AB93C22E266A234800C3AE8F;
			productRefGroup = AB93C238266A234800C3AE8F /* Products */;
			projectDirPath = "";
			projectRoot = "";
			targets = (
				AB93C236266A234800C3AE8F /* StudyRecordApp */,
			);
		};
/* End PBXProject section */

/* Begin PBXResourcesBuildPhase section */
		AB93C235266A234800C3AE8F /* Resources */ = {
			isa = PBXResourcesBuildPhase;
			buildActionMask = 2147483647;
			files = (
				AB93C247266A234C00C3AE8F /* LaunchScreen.storyboard in Resources */,
				AB2B5BBB26A2D2C2009BD3C7 /* ColorConceptTableViewCell.xib in Resources */,
				AB13EDE126C64EBB002F56FF /* StudyRecordCustomTableViewCell.xib in Resources */,
				AB13ECDA26B7AF6F002F56FF /* ColorChoicesSlider.storyboard in Resources */,
				AB13EDB526BFAB8B002F56FF /* StudyRecordSortTableViewCell.xib in Resources */,
				AB93C251266A27B900C3AE8F /* StudyRecord.storyboard in Resources */,
				AB2B5BAB26A2D244009BD3C7 /* ColorConcept.storyboard in Resources */,
				AB93C244266A234C00C3AE8F /* Assets.xcassets in Resources */,
				AB13ED7E26BE7061002F56FF /* StudyRecordHistoryTableViewCell.xib in Resources */,
				AB2B5BB826A2D2C2009BD3C7 /* AccordionColorTableViewCell.xib in Resources */,
				ABA0570326B50F7100E3DF01 /* StudyRecordGraphColor.storyboard in Resources */,
				ABA056FF26B50CC700E3DF01 /* GraphColorTileView.xib in Resources */,
				ABA056F726B4C7D800E3DF01 /* StudyRecordGraphColorTableViewCell.xib in Resources */,
				AB93C2C5266BC2D600C3AE8F /* EditStudyRecord.storyboard in Resources */,
				AB13EDB126BFAA7D002F56FF /* StudyRecordSort.storyboard in Resources */,
				AB2B5BB626A2D2C2009BD3C7 /* SectionHeaderView.xib in Resources */,
				AB2B5BBD26A2D2C2009BD3C7 /* AccordionTableViewCell.xib in Resources */,
				AB13ECD626B7AEA3002F56FF /* ColorChoicesConcept.storyboard in Resources */,
				AB93C2C1266BAD1100C3AE8F /* StudyRecordSectionView.xib in Resources */,
				AB2B5BAC26A2D244009BD3C7 /* ThemeColor.storyboard in Resources */,
				AB93C259266A5A0900C3AE8F /* StudyRecordTableViewCell.xib in Resources */,
				AB93C266266A7DEB00C3AE8F /* AdditionalStudyRecord.storyboard in Resources */,
				AB13ED1626B8F5D0002F56FF /* StudyRecordMemo.storyboard in Resources */,
				AB13EDD326C29DAF002F56FF /* StudyRecordTimeRecord.storyboard in Resources */,
				AB2B5BCD26A2DC1E009BD3C7 /* Top.storyboard in Resources */,
				AB2B5BAA26A2D244009BD3C7 /* Setting.storyboard in Resources */,
				AB13ECD826B7AF27002F56FF /* ColorChoicesTile.storyboard in Resources */,
			);
			runOnlyForDeploymentPostprocessing = 0;
		};
/* End PBXResourcesBuildPhase section */

/* Begin PBXShellScriptBuildPhase section */
		7616A704FDEEDB2CAF614F89 /* [CP] Check Pods Manifest.lock */ = {
			isa = PBXShellScriptBuildPhase;
			buildActionMask = 2147483647;
			files = (
			);
			inputFileListPaths = (
			);
			inputPaths = (
				"${PODS_PODFILE_DIR_PATH}/Podfile.lock",
				"${PODS_ROOT}/Manifest.lock",
			);
			name = "[CP] Check Pods Manifest.lock";
			outputFileListPaths = (
			);
			outputPaths = (
				"$(DERIVED_FILE_DIR)/Pods-StudyRecordApp-checkManifestLockResult.txt",
			);
			runOnlyForDeploymentPostprocessing = 0;
			shellPath = /bin/sh;
			shellScript = "diff \"${PODS_PODFILE_DIR_PATH}/Podfile.lock\" \"${PODS_ROOT}/Manifest.lock\" > /dev/null\nif [ $? != 0 ] ; then\n    # print error to STDERR\n    echo \"error: The sandbox is not in sync with the Podfile.lock. Run 'pod install' or update your CocoaPods installation.\" >&2\n    exit 1\nfi\n# This output is used by Xcode 'outputs' to avoid re-running this script phase.\necho \"SUCCESS\" > \"${SCRIPT_OUTPUT_FILE_0}\"\n";
			showEnvVarsInLog = 0;
		};
		BD252AE23EFE1E4B85C48A76 /* [CP] Embed Pods Frameworks */ = {
			isa = PBXShellScriptBuildPhase;
			buildActionMask = 2147483647;
			files = (
			);
			inputFileListPaths = (
				"${PODS_ROOT}/Target Support Files/Pods-StudyRecordApp/Pods-StudyRecordApp-frameworks-${CONFIGURATION}-input-files.xcfilelist",
			);
			name = "[CP] Embed Pods Frameworks";
			outputFileListPaths = (
				"${PODS_ROOT}/Target Support Files/Pods-StudyRecordApp/Pods-StudyRecordApp-frameworks-${CONFIGURATION}-output-files.xcfilelist",
			);
			runOnlyForDeploymentPostprocessing = 0;
			shellPath = /bin/sh;
			shellScript = "\"${PODS_ROOT}/Target Support Files/Pods-StudyRecordApp/Pods-StudyRecordApp-frameworks.sh\"\n";
			showEnvVarsInLog = 0;
		};
/* End PBXShellScriptBuildPhase section */

/* Begin PBXSourcesBuildPhase section */
		AB93C233266A234800C3AE8F /* Sources */ = {
			isa = PBXSourcesBuildPhase;
			buildActionMask = 2147483647;
			files = (
				AB2B5B9F26A2D1B7009BD3C7 /* OverseasConcept.swift in Sources */,
				AB13EDE026C64EBB002F56FF /* StudyRecordCustomTableViewCell.swift in Sources */,
				AB13EDDB26C3C163002F56FF /* Convert.swift in Sources */,
				AB2B5BC526A2D36F009BD3C7 /* ColorChoicesTileViewController.swift in Sources */,
				AB93C24F266A271E00C3AE8F /* StudyRecordViewController.swift in Sources */,
				AB13EDAF26BFAA62002F56FF /* StudyRecordSortViewController.swift in Sources */,
				AB2B5BCA26A2D36F009BD3C7 /* ThemeColorViewController.swift in Sources */,
				AB2B5B8C26A2D106009BD3C7 /* UITableViewHeaderFooterView+Extension.swift in Sources */,
				ABA0570526B50F8100E3DF01 /* StudyRecordGraphColorViewController.swift in Sources */,
				AB2B5B8426A2D0FD009BD3C7 /* NotificationName+Extension.swift in Sources */,
				AB93C2BD266BABA900C3AE8F /* Record.swift in Sources */,
				AB2B5BA026A2D1B7009BD3C7 /* ServiceConcept.swift in Sources */,
				AB13ED4D26BB9241002F56FF /* RecordUseCase.swift in Sources */,
				AB2B5B8726A2D0FD009BD3C7 /* UICollectionView+Extension.swift in Sources */,
				AB4D6BBE2672099C00E5286E /* UIButton+Extension.swift in Sources */,
				AB2B5BA426A2D1B7009BD3C7 /* PopConcept.swift in Sources */,
				AB2B5BBC26A2D2C2009BD3C7 /* AccordionTableViewCell.swift in Sources */,
				AB2B5BC726A2D36F009BD3C7 /* ColorChoicesConceptViewController.swift in Sources */,
				AB2B5BB726A2D2C2009BD3C7 /* ColorConceptTableViewCell.swift in Sources */,
				AB2B5B8326A2D0FD009BD3C7 /* UICollectionViewCell+Extension.swift in Sources */,
				AB93C268266A7DFF00C3AE8F /* AdditionalStudyRecordViewController.swift in Sources */,
				AB2B5B9E26A2D1B7009BD3C7 /* NaturalConcept.swift in Sources */,
				ABA0570126B50D1900E3DF01 /* GraphColorTileView.swift in Sources */,
				AB2B5BA326A2D1B7009BD3C7 /* JapanConcept.swift in Sources */,
				AB2B5BA126A2D1B7009BD3C7 /* SeasonConcept.swift in Sources */,
				AB2B5B8526A2D0FD009BD3C7 /* UIColor+Extension.swift in Sources */,
				AB2B5BBA26A2D2C2009BD3C7 /* SectionHeaderView.swift in Sources */,
				AB2B5B8E26A2D106009BD3C7 /* UITableViewCell+Extension.swift in Sources */,
				AB13ED4926BB8128002F56FF /* RealmRecordDataStore.swift in Sources */,
				AB2B5B8626A2D0FD009BD3C7 /* NSObjectProtocol+Extension.swift in Sources */,
				AB2B5BC626A2D36F009BD3C7 /* ColorChoicesSliderViewController.swift in Sources */,
				AB13ED7D26BE7061002F56FF /* StudyRecordHistoryTableViewCell.swift in Sources */,
				AB93C23B266A234800C3AE8F /* AppDelegate.swift in Sources */,
				AB2B5BC926A2D36F009BD3C7 /* SettingViewController.swift in Sources */,
				AB2B5BB926A2D2C2009BD3C7 /* AccordionColorTableViewCell.swift in Sources */,
				AB13EDB426BFAB8B002F56FF /* StudyRecordSortTableViewCell.swift in Sources */,
				AB13ED1826B8F5EA002F56FF /* StudyRecordMemoViewController.swift in Sources */,
				AB93C2C3266BC28E00C3AE8F /* EditStudyRecordViewController.swift in Sources */,
				ABA056F626B4C7D800E3DF01 /* StudyRecordGraphColorTableViewCell.swift in Sources */,
				AB13ED4B26BB9155002F56FF /* RecordRepository.swift in Sources */,
				AB2B5B8D26A2D106009BD3C7 /* UITableView+Extension.swift in Sources */,
				AB93C258266A5A0900C3AE8F /* StudyRecordTableViewCell.swift in Sources */,
				AB13EDD126C29D9E002F56FF /* StudyRecordTimeRecordViewController.swift in Sources */,
				AB2B5BA226A2D1B7009BD3C7 /* ElegantConcept.swift in Sources */,
				AB93C23D266A234800C3AE8F /* SceneDelegate.swift in Sources */,
				AB2B5B9626A2D19E009BD3C7 /* ThemeColor.swift in Sources */,
				AB93C2BF266BACE100C3AE8F /* StudyRecordSectionView.swift in Sources */,
				AB2B5B9526A2D19E009BD3C7 /* ColorConcept.swift in Sources */,
				AB2B5BC826A2D36F009BD3C7 /* ColorConceptViewController.swift in Sources */,
			);
			runOnlyForDeploymentPostprocessing = 0;
		};
/* End PBXSourcesBuildPhase section */

/* Begin PBXVariantGroup section */
		AB93C245266A234C00C3AE8F /* LaunchScreen.storyboard */ = {
			isa = PBXVariantGroup;
			children = (
				AB93C246266A234C00C3AE8F /* Base */,
			);
			name = LaunchScreen.storyboard;
			sourceTree = "<group>";
		};
/* End PBXVariantGroup section */

/* Begin XCBuildConfiguration section */
		AB93C249266A234C00C3AE8F /* Debug */ = {
			isa = XCBuildConfiguration;
			buildSettings = {
				ALWAYS_SEARCH_USER_PATHS = NO;
				CLANG_ANALYZER_NONNULL = YES;
				CLANG_ANALYZER_NUMBER_OBJECT_CONVERSION = YES_AGGRESSIVE;
				CLANG_CXX_LANGUAGE_STANDARD = "gnu++14";
				CLANG_CXX_LIBRARY = "libc++";
				CLANG_ENABLE_MODULES = YES;
				CLANG_ENABLE_OBJC_ARC = YES;
				CLANG_ENABLE_OBJC_WEAK = YES;
				CLANG_WARN_BLOCK_CAPTURE_AUTORELEASING = YES;
				CLANG_WARN_BOOL_CONVERSION = YES;
				CLANG_WARN_COMMA = YES;
				CLANG_WARN_CONSTANT_CONVERSION = YES;
				CLANG_WARN_DEPRECATED_OBJC_IMPLEMENTATIONS = YES;
				CLANG_WARN_DIRECT_OBJC_ISA_USAGE = YES_ERROR;
				CLANG_WARN_DOCUMENTATION_COMMENTS = YES;
				CLANG_WARN_EMPTY_BODY = YES;
				CLANG_WARN_ENUM_CONVERSION = YES;
				CLANG_WARN_INFINITE_RECURSION = YES;
				CLANG_WARN_INT_CONVERSION = YES;
				CLANG_WARN_NON_LITERAL_NULL_CONVERSION = YES;
				CLANG_WARN_OBJC_IMPLICIT_RETAIN_SELF = YES;
				CLANG_WARN_OBJC_LITERAL_CONVERSION = YES;
				CLANG_WARN_OBJC_ROOT_CLASS = YES_ERROR;
				CLANG_WARN_QUOTED_INCLUDE_IN_FRAMEWORK_HEADER = YES;
				CLANG_WARN_RANGE_LOOP_ANALYSIS = YES;
				CLANG_WARN_STRICT_PROTOTYPES = YES;
				CLANG_WARN_SUSPICIOUS_MOVE = YES;
				CLANG_WARN_UNGUARDED_AVAILABILITY = YES_AGGRESSIVE;
				CLANG_WARN_UNREACHABLE_CODE = YES;
				CLANG_WARN__DUPLICATE_METHOD_MATCH = YES;
				COPY_PHASE_STRIP = NO;
				DEBUG_INFORMATION_FORMAT = dwarf;
				ENABLE_STRICT_OBJC_MSGSEND = YES;
				ENABLE_TESTABILITY = YES;
				GCC_C_LANGUAGE_STANDARD = gnu11;
				GCC_DYNAMIC_NO_PIC = NO;
				GCC_NO_COMMON_BLOCKS = YES;
				GCC_OPTIMIZATION_LEVEL = 0;
				GCC_PREPROCESSOR_DEFINITIONS = (
					"DEBUG=1",
					"$(inherited)",
				);
				GCC_WARN_64_TO_32_BIT_CONVERSION = YES;
				GCC_WARN_ABOUT_RETURN_TYPE = YES_ERROR;
				GCC_WARN_UNDECLARED_SELECTOR = YES;
				GCC_WARN_UNINITIALIZED_AUTOS = YES_AGGRESSIVE;
				GCC_WARN_UNUSED_FUNCTION = YES;
				GCC_WARN_UNUSED_VARIABLE = YES;
				IPHONEOS_DEPLOYMENT_TARGET = 13.0;
				MTL_ENABLE_DEBUG_INFO = INCLUDE_SOURCE;
				MTL_FAST_MATH = YES;
				ONLY_ACTIVE_ARCH = YES;
				SDKROOT = iphoneos;
				SWIFT_ACTIVE_COMPILATION_CONDITIONS = DEBUG;
				SWIFT_OPTIMIZATION_LEVEL = "-Onone";
			};
			name = Debug;
		};
		AB93C24A266A234C00C3AE8F /* Release */ = {
			isa = XCBuildConfiguration;
			buildSettings = {
				ALWAYS_SEARCH_USER_PATHS = NO;
				CLANG_ANALYZER_NONNULL = YES;
				CLANG_ANALYZER_NUMBER_OBJECT_CONVERSION = YES_AGGRESSIVE;
				CLANG_CXX_LANGUAGE_STANDARD = "gnu++14";
				CLANG_CXX_LIBRARY = "libc++";
				CLANG_ENABLE_MODULES = YES;
				CLANG_ENABLE_OBJC_ARC = YES;
				CLANG_ENABLE_OBJC_WEAK = YES;
				CLANG_WARN_BLOCK_CAPTURE_AUTORELEASING = YES;
				CLANG_WARN_BOOL_CONVERSION = YES;
				CLANG_WARN_COMMA = YES;
				CLANG_WARN_CONSTANT_CONVERSION = YES;
				CLANG_WARN_DEPRECATED_OBJC_IMPLEMENTATIONS = YES;
				CLANG_WARN_DIRECT_OBJC_ISA_USAGE = YES_ERROR;
				CLANG_WARN_DOCUMENTATION_COMMENTS = YES;
				CLANG_WARN_EMPTY_BODY = YES;
				CLANG_WARN_ENUM_CONVERSION = YES;
				CLANG_WARN_INFINITE_RECURSION = YES;
				CLANG_WARN_INT_CONVERSION = YES;
				CLANG_WARN_NON_LITERAL_NULL_CONVERSION = YES;
				CLANG_WARN_OBJC_IMPLICIT_RETAIN_SELF = YES;
				CLANG_WARN_OBJC_LITERAL_CONVERSION = YES;
				CLANG_WARN_OBJC_ROOT_CLASS = YES_ERROR;
				CLANG_WARN_QUOTED_INCLUDE_IN_FRAMEWORK_HEADER = YES;
				CLANG_WARN_RANGE_LOOP_ANALYSIS = YES;
				CLANG_WARN_STRICT_PROTOTYPES = YES;
				CLANG_WARN_SUSPICIOUS_MOVE = YES;
				CLANG_WARN_UNGUARDED_AVAILABILITY = YES_AGGRESSIVE;
				CLANG_WARN_UNREACHABLE_CODE = YES;
				CLANG_WARN__DUPLICATE_METHOD_MATCH = YES;
				COPY_PHASE_STRIP = NO;
				DEBUG_INFORMATION_FORMAT = "dwarf-with-dsym";
				ENABLE_NS_ASSERTIONS = NO;
				ENABLE_STRICT_OBJC_MSGSEND = YES;
				GCC_C_LANGUAGE_STANDARD = gnu11;
				GCC_NO_COMMON_BLOCKS = YES;
				GCC_WARN_64_TO_32_BIT_CONVERSION = YES;
				GCC_WARN_ABOUT_RETURN_TYPE = YES_ERROR;
				GCC_WARN_UNDECLARED_SELECTOR = YES;
				GCC_WARN_UNINITIALIZED_AUTOS = YES_AGGRESSIVE;
				GCC_WARN_UNUSED_FUNCTION = YES;
				GCC_WARN_UNUSED_VARIABLE = YES;
				IPHONEOS_DEPLOYMENT_TARGET = 13.0;
				MTL_ENABLE_DEBUG_INFO = NO;
				MTL_FAST_MATH = YES;
				SDKROOT = iphoneos;
				SWIFT_COMPILATION_MODE = wholemodule;
				SWIFT_OPTIMIZATION_LEVEL = "-O";
				VALIDATE_PRODUCT = YES;
			};
			name = Release;
		};
		AB93C24C266A234C00C3AE8F /* Debug */ = {
			isa = XCBuildConfiguration;
			baseConfigurationReference = F080AD4E0F25E92F286ED79A /* Pods-StudyRecordApp.debug.xcconfig */;
			buildSettings = {
				ASSETCATALOG_COMPILER_APPICON_NAME = AppIcon;
				ASSETCATALOG_COMPILER_GLOBAL_ACCENT_COLOR_NAME = AccentColor;
				CODE_SIGN_STYLE = Automatic;
				DEVELOPMENT_TEAM = 242KS3V77L;
				INFOPLIST_FILE = StudyRecordApp/Info.plist;
				IPHONEOS_DEPLOYMENT_TARGET = 13.0;
				LD_RUNPATH_SEARCH_PATHS = (
					"$(inherited)",
					"@executable_path/Frameworks",
				);
				PRODUCT_BUNDLE_IDENTIFIER = oonishireon.StudyRecordApp;
				PRODUCT_NAME = "$(TARGET_NAME)";
				SWIFT_VERSION = 5.0;
				TARGETED_DEVICE_FAMILY = "1,2";
			};
			name = Debug;
		};
		AB93C24D266A234C00C3AE8F /* Release */ = {
			isa = XCBuildConfiguration;
			baseConfigurationReference = F4A1350DA353A8FEAF4BEEB3 /* Pods-StudyRecordApp.release.xcconfig */;
			buildSettings = {
				ASSETCATALOG_COMPILER_APPICON_NAME = AppIcon;
				ASSETCATALOG_COMPILER_GLOBAL_ACCENT_COLOR_NAME = AccentColor;
				CODE_SIGN_STYLE = Automatic;
				DEVELOPMENT_TEAM = 242KS3V77L;
				INFOPLIST_FILE = StudyRecordApp/Info.plist;
				IPHONEOS_DEPLOYMENT_TARGET = 13.0;
				LD_RUNPATH_SEARCH_PATHS = (
					"$(inherited)",
					"@executable_path/Frameworks",
				);
				PRODUCT_BUNDLE_IDENTIFIER = oonishireon.StudyRecordApp;
				PRODUCT_NAME = "$(TARGET_NAME)";
				SWIFT_VERSION = 5.0;
				TARGETED_DEVICE_FAMILY = "1,2";
			};
			name = Release;
		};
/* End XCBuildConfiguration section */

/* Begin XCConfigurationList section */
		AB93C232266A234800C3AE8F /* Build configuration list for PBXProject "StudyRecordApp" */ = {
			isa = XCConfigurationList;
			buildConfigurations = (
				AB93C249266A234C00C3AE8F /* Debug */,
				AB93C24A266A234C00C3AE8F /* Release */,
			);
			defaultConfigurationIsVisible = 0;
			defaultConfigurationName = Release;
		};
		AB93C24B266A234C00C3AE8F /* Build configuration list for PBXNativeTarget "StudyRecordApp" */ = {
			isa = XCConfigurationList;
			buildConfigurations = (
				AB93C24C266A234C00C3AE8F /* Debug */,
				AB93C24D266A234C00C3AE8F /* Release */,
			);
			defaultConfigurationIsVisible = 0;
			defaultConfigurationName = Release;
		};
/* End XCConfigurationList section */
	};
	rootObject = AB93C22F266A234800C3AE8F /* Project object */;
}
