// !$*UTF8*$!
{
	archiveVersion = 1;
	classes = {
	};
	objectVersion = 54;
	objects = {

/* Begin PBXBuildFile section */
		AB93C23B266A234800C3AE8F /* AppDelegate.swift in Sources */ = {isa = PBXBuildFile; fileRef = AB93C23A266A234800C3AE8F /* AppDelegate.swift */; };
		AB93C23D266A234800C3AE8F /* SceneDelegate.swift in Sources */ = {isa = PBXBuildFile; fileRef = AB93C23C266A234800C3AE8F /* SceneDelegate.swift */; };
		AB93C244266A234C00C3AE8F /* Assets.xcassets in Resources */ = {isa = PBXBuildFile; fileRef = AB93C243266A234C00C3AE8F /* Assets.xcassets */; };
		AB93C247266A234C00C3AE8F /* LaunchScreen.storyboard in Resources */ = {isa = PBXBuildFile; fileRef = AB93C245266A234C00C3AE8F /* LaunchScreen.storyboard */; };
		AB93C24F266A271E00C3AE8F /* StudyRecordViewController.swift in Sources */ = {isa = PBXBuildFile; fileRef = AB93C24E266A271E00C3AE8F /* StudyRecordViewController.swift */; };
		AB93C251266A27B900C3AE8F /* StudyRecord.storyboard in Resources */ = {isa = PBXBuildFile; fileRef = AB93C250266A27B900C3AE8F /* StudyRecord.storyboard */; };
		AB93C253266A2B7B00C3AE8F /* MyTabBarController.swift in Sources */ = {isa = PBXBuildFile; fileRef = AB93C252266A2B7B00C3AE8F /* MyTabBarController.swift */; };
		AB93C255266A483E00C3AE8F /* DrawView.swift in Sources */ = {isa = PBXBuildFile; fileRef = AB93C254266A483E00C3AE8F /* DrawView.swift */; };
		AB93C258266A5A0900C3AE8F /* StudyRecordTableViewCell.swift in Sources */ = {isa = PBXBuildFile; fileRef = AB93C256266A5A0900C3AE8F /* StudyRecordTableViewCell.swift */; };
		AB93C259266A5A0900C3AE8F /* StudyRecordTableViewCell.xib in Resources */ = {isa = PBXBuildFile; fileRef = AB93C257266A5A0900C3AE8F /* StudyRecordTableViewCell.xib */; };
		AB93C260266A66C300C3AE8F /* MiddleButtonView.xib in Resources */ = {isa = PBXBuildFile; fileRef = AB93C25F266A66C300C3AE8F /* MiddleButtonView.xib */; };
		AB93C262266A66D600C3AE8F /* MiddleButtonView.swift in Sources */ = {isa = PBXBuildFile; fileRef = AB93C261266A66D600C3AE8F /* MiddleButtonView.swift */; };
		AB93C266266A7DEB00C3AE8F /* AdditionalStudyRecord.storyboard in Resources */ = {isa = PBXBuildFile; fileRef = AB93C265266A7DEB00C3AE8F /* AdditionalStudyRecord.storyboard */; };
		AB93C268266A7DFF00C3AE8F /* AdditionalStudyRecordViewController.swift in Sources */ = {isa = PBXBuildFile; fileRef = AB93C267266A7DFF00C3AE8F /* AdditionalStudyRecordViewController.swift */; };
		AB93C2BD266BABA900C3AE8F /* Record.swift in Sources */ = {isa = PBXBuildFile; fileRef = AB93C2BC266BABA900C3AE8F /* Record.swift */; };
		AB93C2BF266BACE100C3AE8F /* StudyRecordSectionView.swift in Sources */ = {isa = PBXBuildFile; fileRef = AB93C2BE266BACE100C3AE8F /* StudyRecordSectionView.swift */; };
		AB93C2C1266BAD1100C3AE8F /* StudyRecordSectionView.xib in Resources */ = {isa = PBXBuildFile; fileRef = AB93C2C0266BAD1100C3AE8F /* StudyRecordSectionView.xib */; };
		AB93C2C3266BC28E00C3AE8F /* EditStudyRecordViewController.swift in Sources */ = {isa = PBXBuildFile; fileRef = AB93C2C2266BC28E00C3AE8F /* EditStudyRecordViewController.swift */; };
		AB93C2C5266BC2D600C3AE8F /* EditStudyRecord.storyboard in Resources */ = {isa = PBXBuildFile; fileRef = AB93C2C4266BC2D600C3AE8F /* EditStudyRecord.storyboard */; };
		AB93C2CA266C846400C3AE8F /* UIView+Extension.swift in Sources */ = {isa = PBXBuildFile; fileRef = AB93C2C9266C846400C3AE8F /* UIView+Extension.swift */; };
/* End PBXBuildFile section */

/* Begin PBXFileReference section */
		AB93C237266A234800C3AE8F /* StudyRecordApp.app */ = {isa = PBXFileReference; explicitFileType = wrapper.application; includeInIndex = 0; path = StudyRecordApp.app; sourceTree = BUILT_PRODUCTS_DIR; };
		AB93C23A266A234800C3AE8F /* AppDelegate.swift */ = {isa = PBXFileReference; lastKnownFileType = sourcecode.swift; path = AppDelegate.swift; sourceTree = "<group>"; };
		AB93C23C266A234800C3AE8F /* SceneDelegate.swift */ = {isa = PBXFileReference; lastKnownFileType = sourcecode.swift; path = SceneDelegate.swift; sourceTree = "<group>"; };
		AB93C243266A234C00C3AE8F /* Assets.xcassets */ = {isa = PBXFileReference; lastKnownFileType = folder.assetcatalog; path = Assets.xcassets; sourceTree = "<group>"; };
		AB93C246266A234C00C3AE8F /* Base */ = {isa = PBXFileReference; lastKnownFileType = file.storyboard; name = Base; path = Base.lproj/LaunchScreen.storyboard; sourceTree = "<group>"; };
		AB93C248266A234C00C3AE8F /* Info.plist */ = {isa = PBXFileReference; lastKnownFileType = text.plist.xml; path = Info.plist; sourceTree = "<group>"; };
		AB93C24E266A271E00C3AE8F /* StudyRecordViewController.swift */ = {isa = PBXFileReference; lastKnownFileType = sourcecode.swift; path = StudyRecordViewController.swift; sourceTree = "<group>"; };
		AB93C250266A27B900C3AE8F /* StudyRecord.storyboard */ = {isa = PBXFileReference; lastKnownFileType = file.storyboard; path = StudyRecord.storyboard; sourceTree = "<group>"; };
		AB93C252266A2B7B00C3AE8F /* MyTabBarController.swift */ = {isa = PBXFileReference; lastKnownFileType = sourcecode.swift; path = MyTabBarController.swift; sourceTree = "<group>"; };
		AB93C254266A483E00C3AE8F /* DrawView.swift */ = {isa = PBXFileReference; lastKnownFileType = sourcecode.swift; path = DrawView.swift; sourceTree = "<group>"; };
		AB93C256266A5A0900C3AE8F /* StudyRecordTableViewCell.swift */ = {isa = PBXFileReference; lastKnownFileType = sourcecode.swift; path = StudyRecordTableViewCell.swift; sourceTree = "<group>"; };
		AB93C257266A5A0900C3AE8F /* StudyRecordTableViewCell.xib */ = {isa = PBXFileReference; lastKnownFileType = file.xib; path = StudyRecordTableViewCell.xib; sourceTree = "<group>"; };
		AB93C25F266A66C300C3AE8F /* MiddleButtonView.xib */ = {isa = PBXFileReference; lastKnownFileType = file.xib; path = MiddleButtonView.xib; sourceTree = "<group>"; };
		AB93C261266A66D600C3AE8F /* MiddleButtonView.swift */ = {isa = PBXFileReference; lastKnownFileType = sourcecode.swift; path = MiddleButtonView.swift; sourceTree = "<group>"; };
		AB93C265266A7DEB00C3AE8F /* AdditionalStudyRecord.storyboard */ = {isa = PBXFileReference; lastKnownFileType = file.storyboard; path = AdditionalStudyRecord.storyboard; sourceTree = "<group>"; };
		AB93C267266A7DFF00C3AE8F /* AdditionalStudyRecordViewController.swift */ = {isa = PBXFileReference; lastKnownFileType = sourcecode.swift; path = AdditionalStudyRecordViewController.swift; sourceTree = "<group>"; };
		AB93C2BC266BABA900C3AE8F /* Record.swift */ = {isa = PBXFileReference; lastKnownFileType = sourcecode.swift; path = Record.swift; sourceTree = "<group>"; };
		AB93C2BE266BACE100C3AE8F /* StudyRecordSectionView.swift */ = {isa = PBXFileReference; lastKnownFileType = sourcecode.swift; path = StudyRecordSectionView.swift; sourceTree = "<group>"; };
		AB93C2C0266BAD1100C3AE8F /* StudyRecordSectionView.xib */ = {isa = PBXFileReference; lastKnownFileType = file.xib; path = StudyRecordSectionView.xib; sourceTree = "<group>"; };
		AB93C2C2266BC28E00C3AE8F /* EditStudyRecordViewController.swift */ = {isa = PBXFileReference; lastKnownFileType = sourcecode.swift; path = EditStudyRecordViewController.swift; sourceTree = "<group>"; };
		AB93C2C4266BC2D600C3AE8F /* EditStudyRecord.storyboard */ = {isa = PBXFileReference; lastKnownFileType = file.storyboard; path = EditStudyRecord.storyboard; sourceTree = "<group>"; };
		AB93C2C9266C846400C3AE8F /* UIView+Extension.swift */ = {isa = PBXFileReference; lastKnownFileType = sourcecode.swift; path = "UIView+Extension.swift"; sourceTree = "<group>"; };
/* End PBXFileReference section */

/* Begin PBXFrameworksBuildPhase section */
		AB93C234266A234800C3AE8F /* Frameworks */ = {
			isa = PBXFrameworksBuildPhase;
			buildActionMask = 2147483647;
			files = (
			);
			runOnlyForDeploymentPostprocessing = 0;
		};
/* End PBXFrameworksBuildPhase section */

/* Begin PBXGroup section */
		AB93C22E266A234800C3AE8F = {
			isa = PBXGroup;
			children = (
				AB93C239266A234800C3AE8F /* StudyRecordApp */,
				AB93C238266A234800C3AE8F /* Products */,
			);
			sourceTree = "<group>";
		};
		AB93C238266A234800C3AE8F /* Products */ = {
			isa = PBXGroup;
			children = (
				AB93C237266A234800C3AE8F /* StudyRecordApp.app */,
			);
			name = Products;
			sourceTree = "<group>";
		};
		AB93C239266A234800C3AE8F /* StudyRecordApp */ = {
			isa = PBXGroup;
			children = (
				AB93C25A266A5A0D00C3AE8F /* Models */,
				AB93C25B266A5A2800C3AE8F /* Views */,
				AB93C25C266A5A2C00C3AE8F /* Controllers */,
				AB93C2CB266C84CA00C3AE8F /* Extensions */,
				AB93C23A266A234800C3AE8F /* AppDelegate.swift */,
				AB93C23C266A234800C3AE8F /* SceneDelegate.swift */,
				AB93C243266A234C00C3AE8F /* Assets.xcassets */,
				AB93C245266A234C00C3AE8F /* LaunchScreen.storyboard */,
				AB93C248266A234C00C3AE8F /* Info.plist */,
			);
			path = StudyRecordApp;
			sourceTree = "<group>";
		};
		AB93C25A266A5A0D00C3AE8F /* Models */ = {
			isa = PBXGroup;
			children = (
				AB93C2BC266BABA900C3AE8F /* Record.swift */,
			);
			path = Models;
			sourceTree = "<group>";
		};
		AB93C25B266A5A2800C3AE8F /* Views */ = {
			isa = PBXGroup;
			children = (
				AB93C254266A483E00C3AE8F /* DrawView.swift */,
				AB93C261266A66D600C3AE8F /* MiddleButtonView.swift */,
				AB93C25F266A66C300C3AE8F /* MiddleButtonView.xib */,
				AB93C25D266A5A5E00C3AE8F /* Storyboards */,
				AB93C25E266A5A6600C3AE8F /* Cells */,
			);
			path = Views;
			sourceTree = "<group>";
		};
		AB93C25C266A5A2C00C3AE8F /* Controllers */ = {
			isa = PBXGroup;
			children = (
				AB93C252266A2B7B00C3AE8F /* MyTabBarController.swift */,
				AB93C2C6266BC4B000C3AE8F /* StudyRecord */,
			);
			path = Controllers;
			sourceTree = "<group>";
		};
		AB93C25D266A5A5E00C3AE8F /* Storyboards */ = {
			isa = PBXGroup;
			children = (
				AB93C2C7266BC4F000C3AE8F /* StudyRecord */,
			);
			path = Storyboards;
			sourceTree = "<group>";
		};
		AB93C25E266A5A6600C3AE8F /* Cells */ = {
			isa = PBXGroup;
			children = (
				AB93C2C8266BC50600C3AE8F /* StudyRecord */,
			);
			path = Cells;
			sourceTree = "<group>";
		};
		AB93C2C6266BC4B000C3AE8F /* StudyRecord */ = {
			isa = PBXGroup;
			children = (
				AB93C24E266A271E00C3AE8F /* StudyRecordViewController.swift */,
				AB93C267266A7DFF00C3AE8F /* AdditionalStudyRecordViewController.swift */,
				AB93C2C2266BC28E00C3AE8F /* EditStudyRecordViewController.swift */,
			);
			path = StudyRecord;
			sourceTree = "<group>";
		};
		AB93C2C7266BC4F000C3AE8F /* StudyRecord */ = {
			isa = PBXGroup;
			children = (
				AB93C250266A27B900C3AE8F /* StudyRecord.storyboard */,
				AB93C265266A7DEB00C3AE8F /* AdditionalStudyRecord.storyboard */,
				AB93C2C4266BC2D600C3AE8F /* EditStudyRecord.storyboard */,
			);
			path = StudyRecord;
			sourceTree = "<group>";
		};
		AB93C2C8266BC50600C3AE8F /* StudyRecord */ = {
			isa = PBXGroup;
			children = (
				AB93C256266A5A0900C3AE8F /* StudyRecordTableViewCell.swift */,
				AB93C257266A5A0900C3AE8F /* StudyRecordTableViewCell.xib */,
				AB93C2BE266BACE100C3AE8F /* StudyRecordSectionView.swift */,
				AB93C2C0266BAD1100C3AE8F /* StudyRecordSectionView.xib */,
			);
			path = StudyRecord;
			sourceTree = "<group>";
		};
		AB93C2CB266C84CA00C3AE8F /* Extensions */ = {
			isa = PBXGroup;
			children = (
				AB93C2C9266C846400C3AE8F /* UIView+Extension.swift */,
			);
			path = Extensions;
			sourceTree = "<group>";
		};
/* End PBXGroup section */

/* Begin PBXNativeTarget section */
		AB93C236266A234800C3AE8F /* StudyRecordApp */ = {
			isa = PBXNativeTarget;
			buildConfigurationList = AB93C24B266A234C00C3AE8F /* Build configuration list for PBXNativeTarget "StudyRecordApp" */;
			buildPhases = (
				AB93C233266A234800C3AE8F /* Sources */,
				AB93C234266A234800C3AE8F /* Frameworks */,
				AB93C235266A234800C3AE8F /* Resources */,
			);
			buildRules = (
			);
			dependencies = (
			);
			name = StudyRecordApp;
			productName = StudyRecordApp;
			productReference = AB93C237266A234800C3AE8F /* StudyRecordApp.app */;
			productType = "com.apple.product-type.application";
		};
/* End PBXNativeTarget section */

/* Begin PBXProject section */
		AB93C22F266A234800C3AE8F /* Project object */ = {
			isa = PBXProject;
			attributes = {
				LastSwiftUpdateCheck = 1250;
				LastUpgradeCheck = 1250;
				TargetAttributes = {
					AB93C236266A234800C3AE8F = {
						CreatedOnToolsVersion = 12.5;
					};
				};
			};
			buildConfigurationList = AB93C232266A234800C3AE8F /* Build configuration list for PBXProject "StudyRecordApp" */;
			compatibilityVersion = "Xcode 12.0";
			developmentRegion = en;
			hasScannedForEncodings = 0;
			knownRegions = (
				en,
				Base,
			);
			mainGroup = AB93C22E266A234800C3AE8F;
			productRefGroup = AB93C238266A234800C3AE8F /* Products */;
			projectDirPath = "";
			projectRoot = "";
			targets = (
				AB93C236266A234800C3AE8F /* StudyRecordApp */,
			);
		};
/* End PBXProject section */

/* Begin PBXResourcesBuildPhase section */
		AB93C235266A234800C3AE8F /* Resources */ = {
			isa = PBXResourcesBuildPhase;
			buildActionMask = 2147483647;
			files = (
				AB93C247266A234C00C3AE8F /* LaunchScreen.storyboard in Resources */,
				AB93C251266A27B900C3AE8F /* StudyRecord.storyboard in Resources */,
				AB93C244266A234C00C3AE8F /* Assets.xcassets in Resources */,
				AB93C2C5266BC2D600C3AE8F /* EditStudyRecord.storyboard in Resources */,
				AB93C260266A66C300C3AE8F /* MiddleButtonView.xib in Resources */,
				AB93C2C1266BAD1100C3AE8F /* StudyRecordSectionView.xib in Resources */,
				AB93C259266A5A0900C3AE8F /* StudyRecordTableViewCell.xib in Resources */,
				AB93C266266A7DEB00C3AE8F /* AdditionalStudyRecord.storyboard in Resources */,
			);
			runOnlyForDeploymentPostprocessing = 0;
		};
/* End PBXResourcesBuildPhase section */

/* Begin PBXSourcesBuildPhase section */
		AB93C233266A234800C3AE8F /* Sources */ = {
			isa = PBXSourcesBuildPhase;
			buildActionMask = 2147483647;
			files = (
				AB93C24F266A271E00C3AE8F /* StudyRecordViewController.swift in Sources */,
				AB93C262266A66D600C3AE8F /* MiddleButtonView.swift in Sources */,
				AB93C2BD266BABA900C3AE8F /* Record.swift in Sources */,
				AB93C255266A483E00C3AE8F /* DrawView.swift in Sources */,
				AB93C253266A2B7B00C3AE8F /* MyTabBarController.swift in Sources */,
				AB93C268266A7DFF00C3AE8F /* AdditionalStudyRecordViewController.swift in Sources */,
				AB93C2CA266C846400C3AE8F /* UIView+Extension.swift in Sources */,
				AB93C23B266A234800C3AE8F /* AppDelegate.swift in Sources */,
				AB93C2C3266BC28E00C3AE8F /* EditStudyRecordViewController.swift in Sources */,
				AB93C258266A5A0900C3AE8F /* StudyRecordTableViewCell.swift in Sources */,
				AB93C23D266A234800C3AE8F /* SceneDelegate.swift in Sources */,
				AB93C2BF266BACE100C3AE8F /* StudyRecordSectionView.swift in Sources */,
			);
			runOnlyForDeploymentPostprocessing = 0;
		};
/* End PBXSourcesBuildPhase section */

/* Begin PBXVariantGroup section */
		AB93C245266A234C00C3AE8F /* LaunchScreen.storyboard */ = {
			isa = PBXVariantGroup;
			children = (
				AB93C246266A234C00C3AE8F /* Base */,
			);
			name = LaunchScreen.storyboard;
			sourceTree = "<group>";
		};
/* End PBXVariantGroup section */

/* Begin XCBuildConfiguration section */
		AB93C249266A234C00C3AE8F /* Debug */ = {
			isa = XCBuildConfiguration;
			buildSettings = {
				ALWAYS_SEARCH_USER_PATHS = NO;
				CLANG_ANALYZER_NONNULL = YES;
				CLANG_ANALYZER_NUMBER_OBJECT_CONVERSION = YES_AGGRESSIVE;
				CLANG_CXX_LANGUAGE_STANDARD = "gnu++14";
				CLANG_CXX_LIBRARY = "libc++";
				CLANG_ENABLE_MODULES = YES;
				CLANG_ENABLE_OBJC_ARC = YES;
				CLANG_ENABLE_OBJC_WEAK = YES;
				CLANG_WARN_BLOCK_CAPTURE_AUTORELEASING = YES;
				CLANG_WARN_BOOL_CONVERSION = YES;
				CLANG_WARN_COMMA = YES;
				CLANG_WARN_CONSTANT_CONVERSION = YES;
				CLANG_WARN_DEPRECATED_OBJC_IMPLEMENTATIONS = YES;
				CLANG_WARN_DIRECT_OBJC_ISA_USAGE = YES_ERROR;
				CLANG_WARN_DOCUMENTATION_COMMENTS = YES;
				CLANG_WARN_EMPTY_BODY = YES;
				CLANG_WARN_ENUM_CONVERSION = YES;
				CLANG_WARN_INFINITE_RECURSION = YES;
				CLANG_WARN_INT_CONVERSION = YES;
				CLANG_WARN_NON_LITERAL_NULL_CONVERSION = YES;
				CLANG_WARN_OBJC_IMPLICIT_RETAIN_SELF = YES;
				CLANG_WARN_OBJC_LITERAL_CONVERSION = YES;
				CLANG_WARN_OBJC_ROOT_CLASS = YES_ERROR;
				CLANG_WARN_QUOTED_INCLUDE_IN_FRAMEWORK_HEADER = YES;
				CLANG_WARN_RANGE_LOOP_ANALYSIS = YES;
				CLANG_WARN_STRICT_PROTOTYPES = YES;
				CLANG_WARN_SUSPICIOUS_MOVE = YES;
				CLANG_WARN_UNGUARDED_AVAILABILITY = YES_AGGRESSIVE;
				CLANG_WARN_UNREACHABLE_CODE = YES;
				CLANG_WARN__DUPLICATE_METHOD_MATCH = YES;
				COPY_PHASE_STRIP = NO;
				DEBUG_INFORMATION_FORMAT = dwarf;
				ENABLE_STRICT_OBJC_MSGSEND = YES;
				ENABLE_TESTABILITY = YES;
				GCC_C_LANGUAGE_STANDARD = gnu11;
				GCC_DYNAMIC_NO_PIC = NO;
				GCC_NO_COMMON_BLOCKS = YES;
				GCC_OPTIMIZATION_LEVEL = 0;
				GCC_PREPROCESSOR_DEFINITIONS = (
					"DEBUG=1",
					"$(inherited)",
				);
				GCC_WARN_64_TO_32_BIT_CONVERSION = YES;
				GCC_WARN_ABOUT_RETURN_TYPE = YES_ERROR;
				GCC_WARN_UNDECLARED_SELECTOR = YES;
				GCC_WARN_UNINITIALIZED_AUTOS = YES_AGGRESSIVE;
				GCC_WARN_UNUSED_FUNCTION = YES;
				GCC_WARN_UNUSED_VARIABLE = YES;
				IPHONEOS_DEPLOYMENT_TARGET = 13.0;
				MTL_ENABLE_DEBUG_INFO = INCLUDE_SOURCE;
				MTL_FAST_MATH = YES;
				ONLY_ACTIVE_ARCH = YES;
				SDKROOT = iphoneos;
				SWIFT_ACTIVE_COMPILATION_CONDITIONS = DEBUG;
				SWIFT_OPTIMIZATION_LEVEL = "-Onone";
			};
			name = Debug;
		};
		AB93C24A266A234C00C3AE8F /* Release */ = {
			isa = XCBuildConfiguration;
			buildSettings = {
				ALWAYS_SEARCH_USER_PATHS = NO;
				CLANG_ANALYZER_NONNULL = YES;
				CLANG_ANALYZER_NUMBER_OBJECT_CONVERSION = YES_AGGRESSIVE;
				CLANG_CXX_LANGUAGE_STANDARD = "gnu++14";
				CLANG_CXX_LIBRARY = "libc++";
				CLANG_ENABLE_MODULES = YES;
				CLANG_ENABLE_OBJC_ARC = YES;
				CLANG_ENABLE_OBJC_WEAK = YES;
				CLANG_WARN_BLOCK_CAPTURE_AUTORELEASING = YES;
				CLANG_WARN_BOOL_CONVERSION = YES;
				CLANG_WARN_COMMA = YES;
				CLANG_WARN_CONSTANT_CONVERSION = YES;
				CLANG_WARN_DEPRECATED_OBJC_IMPLEMENTATIONS = YES;
				CLANG_WARN_DIRECT_OBJC_ISA_USAGE = YES_ERROR;
				CLANG_WARN_DOCUMENTATION_COMMENTS = YES;
				CLANG_WARN_EMPTY_BODY = YES;
				CLANG_WARN_ENUM_CONVERSION = YES;
				CLANG_WARN_INFINITE_RECURSION = YES;
				CLANG_WARN_INT_CONVERSION = YES;
				CLANG_WARN_NON_LITERAL_NULL_CONVERSION = YES;
				CLANG_WARN_OBJC_IMPLICIT_RETAIN_SELF = YES;
				CLANG_WARN_OBJC_LITERAL_CONVERSION = YES;
				CLANG_WARN_OBJC_ROOT_CLASS = YES_ERROR;
				CLANG_WARN_QUOTED_INCLUDE_IN_FRAMEWORK_HEADER = YES;
				CLANG_WARN_RANGE_LOOP_ANALYSIS = YES;
				CLANG_WARN_STRICT_PROTOTYPES = YES;
				CLANG_WARN_SUSPICIOUS_MOVE = YES;
				CLANG_WARN_UNGUARDED_AVAILABILITY = YES_AGGRESSIVE;
				CLANG_WARN_UNREACHABLE_CODE = YES;
				CLANG_WARN__DUPLICATE_METHOD_MATCH = YES;
				COPY_PHASE_STRIP = NO;
				DEBUG_INFORMATION_FORMAT = "dwarf-with-dsym";
				ENABLE_NS_ASSERTIONS = NO;
				ENABLE_STRICT_OBJC_MSGSEND = YES;
				GCC_C_LANGUAGE_STANDARD = gnu11;
				GCC_NO_COMMON_BLOCKS = YES;
				GCC_WARN_64_TO_32_BIT_CONVERSION = YES;
				GCC_WARN_ABOUT_RETURN_TYPE = YES_ERROR;
				GCC_WARN_UNDECLARED_SELECTOR = YES;
				GCC_WARN_UNINITIALIZED_AUTOS = YES_AGGRESSIVE;
				GCC_WARN_UNUSED_FUNCTION = YES;
				GCC_WARN_UNUSED_VARIABLE = YES;
				IPHONEOS_DEPLOYMENT_TARGET = 13.0;
				MTL_ENABLE_DEBUG_INFO = NO;
				MTL_FAST_MATH = YES;
				SDKROOT = iphoneos;
				SWIFT_COMPILATION_MODE = wholemodule;
				SWIFT_OPTIMIZATION_LEVEL = "-O";
				VALIDATE_PRODUCT = YES;
			};
			name = Release;
		};
		AB93C24C266A234C00C3AE8F /* Debug */ = {
			isa = XCBuildConfiguration;
			buildSettings = {
				ASSETCATALOG_COMPILER_APPICON_NAME = AppIcon;
				ASSETCATALOG_COMPILER_GLOBAL_ACCENT_COLOR_NAME = AccentColor;
				CODE_SIGN_STYLE = Automatic;
				DEVELOPMENT_TEAM = 242KS3V77L;
				INFOPLIST_FILE = StudyRecordApp/Info.plist;
				IPHONEOS_DEPLOYMENT_TARGET = 13.0;
				LD_RUNPATH_SEARCH_PATHS = (
					"$(inherited)",
					"@executable_path/Frameworks",
				);
				PRODUCT_BUNDLE_IDENTIFIER = oonishireon.StudyRecordApp;
				PRODUCT_NAME = "$(TARGET_NAME)";
				SWIFT_VERSION = 5.0;
				TARGETED_DEVICE_FAMILY = "1,2";
			};
			name = Debug;
		};
		AB93C24D266A234C00C3AE8F /* Release */ = {
			isa = XCBuildConfiguration;
			buildSettings = {
				ASSETCATALOG_COMPILER_APPICON_NAME = AppIcon;
				ASSETCATALOG_COMPILER_GLOBAL_ACCENT_COLOR_NAME = AccentColor;
				CODE_SIGN_STYLE = Automatic;
				DEVELOPMENT_TEAM = 242KS3V77L;
				INFOPLIST_FILE = StudyRecordApp/Info.plist;
				IPHONEOS_DEPLOYMENT_TARGET = 13.0;
				LD_RUNPATH_SEARCH_PATHS = (
					"$(inherited)",
					"@executable_path/Frameworks",
				);
				PRODUCT_BUNDLE_IDENTIFIER = oonishireon.StudyRecordApp;
				PRODUCT_NAME = "$(TARGET_NAME)";
				SWIFT_VERSION = 5.0;
				TARGETED_DEVICE_FAMILY = "1,2";
			};
			name = Release;
		};
/* End XCBuildConfiguration section */

/* Begin XCConfigurationList section */
		AB93C232266A234800C3AE8F /* Build configuration list for PBXProject "StudyRecordApp" */ = {
			isa = XCConfigurationList;
			buildConfigurations = (
				AB93C249266A234C00C3AE8F /* Debug */,
				AB93C24A266A234C00C3AE8F /* Release */,
			);
			defaultConfigurationIsVisible = 0;
			defaultConfigurationName = Release;
		};
		AB93C24B266A234C00C3AE8F /* Build configuration list for PBXNativeTarget "StudyRecordApp" */ = {
			isa = XCConfigurationList;
			buildConfigurations = (
				AB93C24C266A234C00C3AE8F /* Debug */,
				AB93C24D266A234C00C3AE8F /* Release */,
			);
			defaultConfigurationIsVisible = 0;
			defaultConfigurationName = Release;
		};
/* End XCConfigurationList section */
	};
	rootObject = AB93C22F266A234800C3AE8F /* Project object */;
}
